{
  "version": 4,
  "terraform_version": "1.12.2",
  "serial": 188,
  "lineage": "f96c6cc8-d144-0a57-9c16-4e6b9f276954",
  "outputs": {
    "backend_ip": {
      "value": "15.188.26.210",
      "type": "string"
    },
    "db_ip": {
      "value": "172.31.12.1",
      "type": "string"
    },
    "frontend_ip": {
      "value": "15.237.202.211",
      "type": "string"
    }
  },
  "resources": [
    {
      "mode": "managed",
      "type": "aws_iam_instance_profile",
      "name": "ec2_profile",
      "provider": "provider[\"registry.terraform.io/hashicorp/aws\"]",
      "instances": [
        {
          "schema_version": 0,
          "attributes": {
            "arn": "arn:aws:iam::278119223983:instance-profile/app1-ec2-profile",
            "create_date": "2025-07-04T22:05:58Z",
            "id": "app1-ec2-profile",
            "name": "app1-ec2-profile",
            "name_prefix": "",
            "path": "/",
            "role": "grand-role",
            "tags": null,
            "tags_all": {},
            "unique_id": "AIPAUBQJSSKXXU63B5K5M"
          },
          "sensitive_attributes": [],
          "identity_schema_version": 0,
          "private": "bnVsbA==",
          "dependencies": [
            "aws_iam_role.ec2_role"
          ]
        }
      ]
    },
    {
      "mode": "managed",
      "type": "aws_iam_policy",
      "name": "ec2_policy",
      "provider": "provider[\"registry.terraform.io/hashicorp/aws\"]",
      "instances": [
        {
          "schema_version": 0,
          "attributes": {
            "arn": "arn:aws:iam::278119223983:policy/policy-ec2",
            "attachment_count": 0,
            "description": "Policy to provide permission to EC2",
            "id": "arn:aws:iam::278119223983:policy/policy-ec2",
            "name": "policy-ec2",
            "name_prefix": "",
            "path": "/",
            "policy": "{\"Statement\":[{\"Action\":[\"ssm:GetParameters\",\"ssm:GetParameter\"],\"Effect\":\"Allow\",\"Resource\":\"arn:aws:ssm:eu-west-3:2781-1922-3983:parameter/app-1*\"},{\"Action\":[\"s3:GetObject\",\"s3:List*\"],\"Effect\":\"Allow\",\"Resource\":[\"arn:aws:s3:::skundu-proj3-3p-installers/download/*\"]}],\"Version\":\"2012-10-17\"}",
            "policy_id": "ANPAUBQJSSKXYMPUBG7XH",
            "tags": null,
            "tags_all": {}
          },
          "sensitive_attributes": [],
          "identity_schema_version": 0,
          "private": "bnVsbA=="
        }
      ]
    },
    {
      "mode": "managed",
      "type": "aws_iam_role",
      "name": "ec2_role",
      "provider": "provider[\"registry.terraform.io/hashicorp/aws\"]",
      "instances": [
        {
          "schema_version": 0,
          "attributes": {
            "arn": "arn:aws:iam::278119223983:role/grand-role",
            "assume_role_policy": "{\"Statement\":[{\"Action\":\"sts:AssumeRole\",\"Effect\":\"Allow\",\"Principal\":{\"Service\":\"ec2.amazonaws.com\"},\"Sid\":\"\"}],\"Version\":\"2012-10-17\"}",
            "create_date": "2025-07-04T22:05:58Z",
            "description": "",
            "force_detach_policies": false,
            "id": "grand-role",
            "inline_policy": [],
            "managed_policy_arns": [],
            "max_session_duration": 3600,
            "name": "grand-role",
            "name_prefix": "",
            "path": "/",
            "permissions_boundary": "",
            "tags": null,
            "tags_all": {},
            "unique_id": "AROAUBQJSSKX6UMRVZHSV"
          },
          "sensitive_attributes": [],
          "identity_schema_version": 0,
          "identity": {
            "account_id": "278119223983",
            "name": "grand-role"
          },
          "private": "bnVsbA=="
        }
      ]
    },
    {
      "mode": "managed",
      "type": "aws_iam_role_policy_attachment",
      "name": "custom",
      "provider": "provider[\"registry.terraform.io/hashicorp/aws\"]",
      "instances": [
        {
          "schema_version": 0,
          "attributes": {
            "id": "grand-role-20250704220559050900000001",
            "policy_arn": "arn:aws:iam::278119223983:policy/policy-ec2",
            "role": "grand-role"
          },
          "sensitive_attributes": [],
          "identity_schema_version": 0,
          "private": "bnVsbA==",
          "dependencies": [
            "aws_iam_policy.ec2_policy",
            "aws_iam_role.ec2_role"
          ]
        }
      ]
    },
    {
      "mode": "managed",
      "type": "aws_instance",
      "name": "backend",
      "provider": "provider[\"registry.terraform.io/hashicorp/aws\"]",
      "instances": [
        {
          "schema_version": 2,
          "attributes": {
            "ami": "ami-0f8d3c5dcfaceaa4f",
            "arn": "arn:aws:ec2:eu-west-3:278119223983:instance/i-05fd75f667df01f5a",
            "associate_public_ip_address": true,
            "availability_zone": "eu-west-3a",
            "capacity_reservation_specification": [
              {
                "capacity_reservation_preference": "open",
                "capacity_reservation_target": []
              }
            ],
            "cpu_options": [
              {
                "amd_sev_snp": "",
                "core_count": 1,
                "threads_per_core": 2
              }
            ],
            "credit_specification": [
              {
                "cpu_credits": "unlimited"
              }
            ],
            "disable_api_stop": false,
            "disable_api_termination": false,
            "ebs_block_device": [],
            "ebs_optimized": false,
            "enable_primary_ipv6": null,
            "enclave_options": [
              {
                "enabled": false
              }
            ],
            "ephemeral_block_device": [],
            "get_password_data": false,
            "hibernation": false,
            "host_id": "",
            "host_resource_group_arn": null,
            "iam_instance_profile": "app1-ec2-profile",
            "id": "i-05fd75f667df01f5a",
            "instance_initiated_shutdown_behavior": "stop",
            "instance_lifecycle": "",
            "instance_market_options": [],
            "instance_state": "running",
            "instance_type": "t3.micro",
            "ipv6_address_count": 0,
            "ipv6_addresses": [],
            "key_name": "terra",
            "launch_template": [],
            "maintenance_options": [
              {
                "auto_recovery": "default"
              }
            ],
            "metadata_options": [
              {
                "http_endpoint": "enabled",
                "http_protocol_ipv6": "disabled",
                "http_put_response_hop_limit": 2,
                "http_tokens": "required",
                "instance_metadata_tags": "disabled"
              }
            ],
            "monitoring": false,
            "network_interface": [],
            "outpost_arn": "",
            "password_data": "",
            "placement_group": "",
            "placement_partition_number": 0,
            "primary_network_interface_id": "eni-0f5508c4486b5eabd",
            "private_dns": "ip-172-31-2-138.eu-west-3.compute.internal",
            "private_dns_name_options": [
              {
                "enable_resource_name_dns_a_record": false,
                "enable_resource_name_dns_aaaa_record": false,
                "hostname_type": "ip-name"
              }
            ],
            "private_ip": "172.31.2.138",
            "public_dns": "ec2-15-188-26-210.eu-west-3.compute.amazonaws.com",
            "public_ip": "15.188.26.210",
            "region": "eu-west-3",
            "root_block_device": [
              {
                "delete_on_termination": true,
                "device_name": "/dev/xvda",
                "encrypted": false,
                "iops": 3000,
                "kms_key_id": "",
                "tags": {},
                "tags_all": {},
                "throughput": 125,
                "volume_id": "vol-041223a0bbe70f15a",
                "volume_size": 8,
                "volume_type": "gp3"
              }
            ],
            "secondary_private_ips": [],
            "security_groups": [
              "web-sg"
            ],
            "source_dest_check": true,
            "spot_instance_request_id": "",
            "subnet_id": "subnet-0322b063759b1037d",
            "tags": {
              "Name": "backend"
            },
            "tags_all": {
              "Name": "backend"
            },
            "tenancy": "default",
            "timeouts": null,
            "user_data": null,
            "user_data_base64": null,
            "user_data_replace_on_change": false,
            "volume_tags": null,
            "vpc_security_group_ids": [
              "sg-06f38ca2f1459669e"
            ]
          },
          "sensitive_attributes": [],
          "identity_schema_version": 0,
          "private": "eyJlMmJmYjczMC1lY2FhLTExZTYtOGY4OC0zNDM2M2JjN2M0YzAiOnsiY3JlYXRlIjo2MDAwMDAwMDAwMDAsImRlbGV0ZSI6MTIwMDAwMDAwMDAwMCwicmVhZCI6OTAwMDAwMDAwMDAwLCJ1cGRhdGUiOjYwMDAwMDAwMDAwMH0sInNjaGVtYV92ZXJzaW9uIjoiMiJ9",
          "dependencies": [
            "aws_iam_instance_profile.ec2_profile",
            "aws_iam_role.ec2_role",
            "aws_key_pair.generated_key",
            "aws_security_group.web_sg",
            "tls_private_key.ssh_key"
          ]
        }
      ]
    },
    {
      "mode": "managed",
      "type": "aws_instance",
      "name": "db",
      "provider": "provider[\"registry.terraform.io/hashicorp/aws\"]",
      "instances": [
        {
          "schema_version": 2,
          "attributes": {
            "ami": "ami-0f8d3c5dcfaceaa4f",
            "arn": "arn:aws:ec2:eu-west-3:278119223983:instance/i-0352ec1b623ee6f86",
            "associate_public_ip_address": true,
            "availability_zone": "eu-west-3a",
            "capacity_reservation_specification": [
              {
                "capacity_reservation_preference": "open",
                "capacity_reservation_target": []
              }
            ],
            "cpu_options": [
              {
                "amd_sev_snp": "",
                "core_count": 1,
                "threads_per_core": 2
              }
            ],
            "credit_specification": [
              {
                "cpu_credits": "unlimited"
              }
            ],
            "disable_api_stop": false,
            "disable_api_termination": false,
            "ebs_block_device": [],
            "ebs_optimized": false,
            "enable_primary_ipv6": null,
            "enclave_options": [
              {
                "enabled": false
              }
            ],
            "ephemeral_block_device": [],
            "get_password_data": false,
            "hibernation": false,
            "host_id": "",
            "host_resource_group_arn": null,
            "iam_instance_profile": "app1-ec2-profile",
            "id": "i-0352ec1b623ee6f86",
            "instance_initiated_shutdown_behavior": "stop",
            "instance_lifecycle": "",
            "instance_market_options": [],
            "instance_state": "running",
            "instance_type": "t3.micro",
            "ipv6_address_count": 0,
            "ipv6_addresses": [],
            "key_name": "terra",
            "launch_template": [],
            "maintenance_options": [
              {
                "auto_recovery": "default"
              }
            ],
            "metadata_options": [
              {
                "http_endpoint": "enabled",
                "http_protocol_ipv6": "disabled",
                "http_put_response_hop_limit": 2,
                "http_tokens": "required",
                "instance_metadata_tags": "disabled"
              }
            ],
            "monitoring": false,
            "network_interface": [],
            "outpost_arn": "",
            "password_data": "",
            "placement_group": "",
            "placement_partition_number": 0,
            "primary_network_interface_id": "eni-066dcb96c2b07593b",
            "private_dns": "ip-172-31-12-1.eu-west-3.compute.internal",
            "private_dns_name_options": [
              {
                "enable_resource_name_dns_a_record": false,
                "enable_resource_name_dns_aaaa_record": false,
                "hostname_type": "ip-name"
              }
            ],
            "private_ip": "172.31.12.1",
            "public_dns": "ec2-15-237-250-213.eu-west-3.compute.amazonaws.com",
            "public_ip": "15.237.250.213",
            "region": "eu-west-3",
            "root_block_device": [
              {
                "delete_on_termination": true,
                "device_name": "/dev/xvda",
                "encrypted": false,
                "iops": 3000,
                "kms_key_id": "",
                "tags": {},
                "tags_all": {},
                "throughput": 125,
                "volume_id": "vol-08e9a44b52caa7f7f",
                "volume_size": 8,
                "volume_type": "gp3"
              }
            ],
            "secondary_private_ips": [],
            "security_groups": [
              "web-sg"
            ],
            "source_dest_check": true,
            "spot_instance_request_id": "",
            "subnet_id": "subnet-0322b063759b1037d",
            "tags": {
              "Name": "database"
            },
            "tags_all": {
              "Name": "database"
            },
            "tenancy": "default",
            "timeouts": null,
            "user_data": null,
            "user_data_base64": null,
            "user_data_replace_on_change": false,
            "volume_tags": null,
            "vpc_security_group_ids": [
              "sg-06f38ca2f1459669e"
            ]
          },
          "sensitive_attributes": [],
          "identity_schema_version": 0,
          "private": "eyJlMmJmYjczMC1lY2FhLTExZTYtOGY4OC0zNDM2M2JjN2M0YzAiOnsiY3JlYXRlIjo2MDAwMDAwMDAwMDAsImRlbGV0ZSI6MTIwMDAwMDAwMDAwMCwicmVhZCI6OTAwMDAwMDAwMDAwLCJ1cGRhdGUiOjYwMDAwMDAwMDAwMH0sInNjaGVtYV92ZXJzaW9uIjoiMiJ9",
          "dependencies": [
            "aws_iam_instance_profile.ec2_profile",
            "aws_iam_role.ec2_role",
            "aws_key_pair.generated_key",
            "aws_security_group.web_sg",
            "tls_private_key.ssh_key"
          ]
        }
      ]
    },
    {
      "mode": "managed",
      "type": "aws_instance",
      "name": "frontend",
      "provider": "provider[\"registry.terraform.io/hashicorp/aws\"]",
      "instances": [
        {
          "schema_version": 2,
          "attributes": {
            "ami": "ami-0f8d3c5dcfaceaa4f",
            "arn": "arn:aws:ec2:eu-west-3:278119223983:instance/i-02f399c163baf1534",
            "associate_public_ip_address": true,
            "availability_zone": "eu-west-3a",
            "capacity_reservation_specification": [
              {
                "capacity_reservation_preference": "open",
                "capacity_reservation_target": []
              }
            ],
            "cpu_options": [
              {
                "amd_sev_snp": "",
                "core_count": 1,
                "threads_per_core": 2
              }
            ],
            "credit_specification": [
              {
                "cpu_credits": "unlimited"
              }
            ],
            "disable_api_stop": false,
            "disable_api_termination": false,
            "ebs_block_device": [],
            "ebs_optimized": false,
            "enable_primary_ipv6": null,
            "enclave_options": [
              {
                "enabled": false
              }
            ],
            "ephemeral_block_device": [],
            "get_password_data": false,
            "hibernation": false,
            "host_id": "",
            "host_resource_group_arn": null,
            "iam_instance_profile": "app1-ec2-profile",
            "id": "i-02f399c163baf1534",
            "instance_initiated_shutdown_behavior": "stop",
            "instance_lifecycle": "",
            "instance_market_options": [],
            "instance_state": "running",
            "instance_type": "t3.micro",
            "ipv6_address_count": 0,
            "ipv6_addresses": [],
            "key_name": "terra",
            "launch_template": [],
            "maintenance_options": [
              {
                "auto_recovery": "default"
              }
            ],
            "metadata_options": [
              {
                "http_endpoint": "enabled",
                "http_protocol_ipv6": "disabled",
                "http_put_response_hop_limit": 2,
                "http_tokens": "required",
                "instance_metadata_tags": "disabled"
              }
            ],
            "monitoring": false,
            "network_interface": [],
            "outpost_arn": "",
            "password_data": "",
            "placement_group": "",
            "placement_partition_number": 0,
            "primary_network_interface_id": "eni-03e085b35b64e2a84",
            "private_dns": "ip-172-31-15-100.eu-west-3.compute.internal",
            "private_dns_name_options": [
              {
                "enable_resource_name_dns_a_record": false,
                "enable_resource_name_dns_aaaa_record": false,
                "hostname_type": "ip-name"
              }
            ],
            "private_ip": "172.31.15.100",
            "public_dns": "ec2-15-237-202-211.eu-west-3.compute.amazonaws.com",
            "public_ip": "15.237.202.211",
            "region": "eu-west-3",
            "root_block_device": [
              {
                "delete_on_termination": true,
                "device_name": "/dev/xvda",
                "encrypted": false,
                "iops": 3000,
                "kms_key_id": "",
                "tags": {},
                "tags_all": {},
                "throughput": 125,
                "volume_id": "vol-03c262fd5ab87e78c",
                "volume_size": 8,
                "volume_type": "gp3"
              }
            ],
            "secondary_private_ips": [],
            "security_groups": [
              "web-sg"
            ],
            "source_dest_check": true,
            "spot_instance_request_id": "",
            "subnet_id": "subnet-0322b063759b1037d",
            "tags": {
              "Name": "frontend"
            },
            "tags_all": {
              "Name": "frontend"
            },
            "tenancy": "default",
            "timeouts": null,
            "user_data": null,
            "user_data_base64": null,
            "user_data_replace_on_change": false,
            "volume_tags": null,
            "vpc_security_group_ids": [
              "sg-06f38ca2f1459669e"
            ]
          },
          "sensitive_attributes": [],
          "identity_schema_version": 0,
          "private": "eyJlMmJmYjczMC1lY2FhLTExZTYtOGY4OC0zNDM2M2JjN2M0YzAiOnsiY3JlYXRlIjo2MDAwMDAwMDAwMDAsImRlbGV0ZSI6MTIwMDAwMDAwMDAwMCwicmVhZCI6OTAwMDAwMDAwMDAwLCJ1cGRhdGUiOjYwMDAwMDAwMDAwMH0sInNjaGVtYV92ZXJzaW9uIjoiMiJ9",
          "dependencies": [
            "aws_iam_instance_profile.ec2_profile",
            "aws_iam_role.ec2_role",
            "aws_key_pair.generated_key",
            "aws_security_group.web_sg",
            "tls_private_key.ssh_key"
          ]
        }
      ]
    },
    {
      "mode": "managed",
      "type": "aws_key_pair",
      "name": "generated_key",
      "provider": "provider[\"registry.terraform.io/hashicorp/aws\"]",
      "instances": [
        {
          "schema_version": 1,
          "attributes": {
            "arn": "arn:aws:ec2:eu-west-3:278119223983:key-pair/terra",
            "fingerprint": "7d:16:77:3b:26:aa:da:d6:f2:03:40:b6:4d:bd:ae:6a",
            "id": "terra",
            "key_name": "terra",
            "key_name_prefix": "",
            "key_pair_id": "key-00b8aeeeb362a1e07",
            "key_type": "rsa",
            "public_key": "ssh-rsa AAAAB3NzaC1yc2EAAAADAQABAAACAQD1BrZ6y4TG3Vzfesp5+gpQVsU7xGxAxxnigwNdllI+awlyJgyOszbZF2OY7j/x+DLolYA47KsI6bQ8Y3/IGr/MoB6XQYlbkouhjymqckvwf9eDlohg8Wuwc2JW/Y5q7ZPxjRcUxY6Xb1NJEjFHfDxAUoFFaDwXpKwfNUcUXVIPsiCLzfWdH+mjkrQHxS1CjIQ5NfU/yI1ijlimHSWITk66C8x6v2eqoUUL4Zcjp35eyTPSLJ5uK9296jbVY/+dj88pafOWFyuEBHy9EAfOhr9hvllJor2SCg5ekQtUcnqrT5Jz3mRlb98oQhPELJd2UMjOjBQdTNInq7WNbbPCyoWXXFQfgEXeAz37Rt0wdj6umCzIdKPyyP0TaxZlgcij25ZBcSSsXqbVnfdMr62joyDp1ORa46WmG8mUKulNGw5HaMHNlwUqCwLyqkROsqtc2+o6+Lqgc6d7r4ijP0s8jpwiGFhvWcp4w4HLFgydyasO+vInsoQMenKbHTj+Mf8MUG7UaxNNUowtenJTB9ow/OUMItn/S9oye/o3ZmdOxZygTryu2bBi4evrleMiJYmGCk0apY6lSodJ8xn028HXXibwXKKbH039x+1zxqshHNKUOIjZwk1e9He+6d/9VG319iR1vebVky6lxoZ8bUtBHrWSl1kj6Vdf9gRjWt6Rhm7XIQ==",
            "region": "eu-west-3",
            "tags": null,
            "tags_all": {}
          },
          "sensitive_attributes": [],
          "identity_schema_version": 0,
          "private": "eyJzY2hlbWFfdmVyc2lvbiI6IjEifQ==",
          "dependencies": [
            "tls_private_key.ssh_key"
          ]
        }
      ]
    },
    {
      "mode": "managed",
      "type": "aws_security_group",
      "name": "web_sg",
      "provider": "provider[\"registry.terraform.io/hashicorp/aws\"]",
      "instances": [
        {
          "schema_version": 1,
          "attributes": {
            "arn": "arn:aws:ec2:eu-west-3:278119223983:security-group/sg-06f38ca2f1459669e",
            "description": "Allow SSH and HTTP inbound traffic",
            "egress": [
              {
                "cidr_blocks": [
                  "0.0.0.0/0"
                ],
                "description": "Allow all outbound traffic",
                "from_port": 0,
                "ipv6_cidr_blocks": [],
                "prefix_list_ids": [],
                "protocol": "-1",
                "security_groups": [],
                "self": false,
                "to_port": 0
              }
            ],
            "id": "sg-06f38ca2f1459669e",
            "ingress": [
              {
                "cidr_blocks": [
                  "0.0.0.0/0"
                ],
                "description": "HTTP",
                "from_port": 80,
                "ipv6_cidr_blocks": [],
                "prefix_list_ids": [],
                "protocol": "tcp",
                "security_groups": [],
                "self": false,
                "to_port": 80
              },
              {
                "cidr_blocks": [
                  "0.0.0.0/0"
                ],
                "description": "SSH",
                "from_port": 22,
                "ipv6_cidr_blocks": [],
                "prefix_list_ids": [],
                "protocol": "tcp",
                "security_groups": [],
                "self": false,
                "to_port": 22
              }
            ],
            "name": "web-sg",
            "name_prefix": "",
            "owner_id": "278119223983",
            "region": "eu-west-3",
            "revoke_rules_on_delete": false,
            "tags": {
              "Name": "web-sg"
            },
            "tags_all": {
              "Name": "web-sg"
            },
            "timeouts": null,
            "vpc_id": "vpc-0d675b07c1a635fa5"
          },
          "sensitive_attributes": [],
          "identity_schema_version": 0,
          "private": "eyJlMmJmYjczMC1lY2FhLTExZTYtOGY4OC0zNDM2M2JjN2M0YzAiOnsiY3JlYXRlIjo2MDAwMDAwMDAwMDAsImRlbGV0ZSI6OTAwMDAwMDAwMDAwfSwic2NoZW1hX3ZlcnNpb24iOiIxIn0="
        }
      ]
    },
    {
      "mode": "managed",
      "type": "local_file",
      "name": "ansible_inventory",
      "provider": "provider[\"registry.terraform.io/hashicorp/local\"]",
      "instances": [
        {
          "schema_version": 0,
          "attributes": {
            "content": "  [ec2]\n  15.188.26.210 ansible_user=ec2-user ansible_ssh_private_key_file=../.ssh/terra.pem\n  15.237.202.211 ansible_user=ec2-user ansible_ssh_private_key_file=../.ssh/terra.pem\n  172.31.12.1 ansible_user=ec2-user ansible_ssh_private_key_file=../.ssh/terra.pem\n",
            "content_base64": null,
            "content_base64sha256": "cIzQ1kM5+sEDtBqsT38XznnfSCVWESBgU25efGtNLDs=",
            "content_base64sha512": "C+bPOJdq4BM+KoQyHY7hAr+Z7A3FFc7ozoSRKNFe5Y2yuZ1L5+MCE93XOgY6KSNh0hyQYfj6mhDRMoYwwmPdRQ==",
            "content_md5": "2532db6adf6fc332275b25f1fb59c959",
            "content_sha1": "e0f7ea94c4bbebd2bbc6e7102e3a0dee5c00d009",
            "content_sha256": "708cd0d64339fac103b41aac4f7f17ce79df482556112060536e5e7c6b4d2c3b",
            "content_sha512": "0be6cf38976ae0133e2a84321d8ee102bf99ec0dc515cee8ce849128d15ee58db2b99d4be7e30213ddd73a063a292361d21c9061f8fa9a10d1328630c263dd45",
            "directory_permission": "0777",
            "file_permission": "0777",
            "filename": "./ansible/hosts.ini",
            "id": "e0f7ea94c4bbebd2bbc6e7102e3a0dee5c00d009",
            "sensitive_content": null,
            "source": null
          },
          "sensitive_attributes": [
            [
              {
                "type": "get_attr",
                "value": "sensitive_content"
              }
            ]
          ],
          "identity_schema_version": 0,
          "dependencies": [
            "aws_iam_instance_profile.ec2_profile",
            "aws_iam_role.ec2_role",
            "aws_instance.backend",
            "aws_instance.db",
            "aws_instance.frontend",
            "aws_key_pair.generated_key",
            "aws_security_group.web_sg",
            "tls_private_key.ssh_key"
          ]
        }
      ]
    },
    {
      "mode": "managed",
      "type": "local_file",
      "name": "private_key",
      "provider": "provider[\"registry.terraform.io/hashicorp/local\"]",
      "instances": [
        {
          "schema_version": 0,
          "attributes": {
            "content": "-----BEGIN RSA PRIVATE KEY-----\nMIIJKAIBAAKCAgEA9Qa2esuExt1c33rKefoKUFbFO8RsQMcZ4oMDXZZSPmsJciYM\njrM22RdjmO4/8fgy6JWAOOyrCOm0PGN/yBq/zKAel0GJW5KLoY8pqnJL8H/Xg5aI\nYPFrsHNiVv2Oau2T8Y0XFMWOl29TSRIxR3w8QFKBRWg8F6SsHzVHFF1SD7Igi831\nnR/po5K0B8UtQoyEOTX1P8iNYo5Yph0liE5OugvMer9nqqFFC+GXI6d+Xskz0iye\nbivdveo21WP/nY/PKWnzlhcrhAR8vRAHzoa/Yb5ZSaK9kgoOXpELVHJ6q0+Sc95k\nZW/fKEITxCyXdlDIzowUHUzSJ6u1jW2zwsqFl1xUH4BF3gM9+0bdMHY+rpgsyHSj\n8sj9E2sWZYHIo9uWQXEkrF6m1Z33TK+to6Mg6dTkWuOlphvJlCrpTRsOR2jBzZcF\nKgsC8qpETrKrXNvqOvi6oHOne6+Ioz9LPI6cIhhYb1nKeMOByxYMncmrDvryJ7KE\nDHpymx04/jH/DFBu1GsTTVKMLXpyUwfaMPzlDCLZ/0vaMnv6N2ZnTsWcoE68rtmw\nYuHr65XjIiWJhgpNGqWOpUqHSfMZ9NvB114m8Fyimx9N/cftc8arIRzSlDiI2cJN\nXvR3vunf/VRt9fYkdb3m1ZMupcaGfG1LQR61kpdZI+lXX/YEY1rekYZu1yECAwEA\nAQKCAgAD82Ax98n31aIBp7J/79tWlyaSF5E+BGPPRFjjm3jPITVPWAwV6S90RcF1\nKdrBt1R1TfNJv62kjLWbb2iEGMPQzCBgJJYvEfxivgrgQNxm9925BT5kz0Gy8DJU\nyBzxrgvXjkSB8QtC93BcplCheCAl0pq7XHJTGIRusqKHMlfAUWk/TdJk7pq7GKKC\n2U/Y8chwPnWqSgzXCufkokXMlkQkUWxCKqfEj1n8Vn5kDJdf1n9Jl0705GvMbAxH\nKagJgaQHxTnAaNZamCKtfvacQq2PaTT5+Cf1tMgtZ8nqqjeef1+DcyGT5d9PkCyu\nyiAFUClDtMweepKNIZJxYcRfKronifnLHOuXSC2rLRTjoNT3AiJnrOMG/tn5Y+Ch\nAnlplbgMdAgk+YyDGy0vQRfs9rh53pW/s989FRCZ2mwmYLUOxMEyGNfakZcMNM4J\nCANgDftHtIVWt/yiNQ0Wzv8+anbPN7ySnM/psudZHSsPCyMf8jeNYS+t1M0SVA1P\ntgpULN3IntORmYYiTBK+1PHEZbxQJ7ExPAlAJ28oX9XZkdx1CJ4VpHGGJJEfE4zo\ntq4I3wjDOnZ2RiOh0S3YRc8LvrfUJdEgxyCyWTE0KXAQWcPcXn932gYiTdqrLiCL\nufRdTBeF0QL1LmCD8m1kOsD00R0tb64TiaEKirxUbnqV/4aisQKCAQEA+jU2H65+\nBUL+NwHwFdYuOaLD+OWiNUTLfWnCJ8y0JZInd19nqqQO566/qThnHNPPZN/sYooI\neU8BcwRnPriIGtsbkOBrZ1rWXrfjQtfeNDwRggyWdg/m45NSflanRUmR7YJJ0l55\ndi8p0e6XjLH+vDlmX7f8bYQ44G04IB0+tXMEmm09TfNbCFpwZVH2/QKo3PP6gQfq\nu/8x8TQFBBz/zQ0IEiXLYecZUTdFVh+39cuRtLSwzVYbYy/ISYzNTTs3PuVNvC9k\nulLANarMXSgEYYqxLFVsxr5y9ORscYfLUTpb7Ro9B/PDUXO8Rc49GoXlT9CSzS2P\nz6bn4n2yIByREQKCAQEA+rLLOVM0Ix6m76ZD8R/vl0vBdM4Lj3juKMCjJRFY9YiA\n+uHuD6qdPSAIjyie9JPLATo4ilvIMzgLnmjzhdTGyMjL2KO+dL/6StqiwLCq6yGK\npUKUyn6YjXE5LCVI4G1VwTqShCkF5x7PmHmcQnlWqWkCzHn13DqXNA5B7yruN/t3\ne3I4ZLhcK18W178IQi8fNcOid7KDLnwLWX9SfKSVPP12SgHL2mF7364VwGiJLxuV\nRai7k8qEUyhP3+HmCmwciAM0GWalzI7pQTXsV83HdYUbbfufJQYh3gDiyZcsEB2W\n7D7DQMqbPq2YvFDr1U8dKlZZjQpaS7xN5Q+c6nXlEQKCAQEAspjg9WRcV+0mAKXF\ndhDYFhP0xulDC7r7dZ3UFQytWlQlD7RuDwPkD8RQ0r2L/KvEUkD0PrJAsjaO1kbC\nW6bkoCbeWl+WysOwWRPxiHkGB0sJREcv7z4SlUdHjx7Tb0XAgESL5TnCgXXQ6CTi\n0G8NYdWnGZP+/z1uS+QqN+IoLOTY2FI5fDbFOAU2TVxgbOFFH9KXcRrxlxfl0kJL\nglAg14EBzdJkhpGrJKnLOFqTuUOB0fdYbHmWOwqUcMuskABAwwhyoG1D/SusP6KX\nFbfGyMlzBi5D4ul2rQ+PyMoheu2pSGl+Pvrk5HM0ZK9+Njx1Hq/G2eY3zQVaZ/VI\n/FrnwQKCAQAWnnUZiflFRem3659rrP73/pzIxiJi4n1SbfcKTCNjm9pPSH0rKrCf\nKDm9eOPGm2MQjEk3qopInMDnnP6Dz6vTx9IkjLmNXRjfEhTnH8l8B32z5Wr5TizD\nbjjDU+XcYeD/2yIHDJB8xtniHu7LTJlWFaRsAID/SsYDq1mlk5EEugqQt8CAzeV7\nAExWUOUU252MQ0dwV0ngss5vV76AgnT4mMHIcZsL7Am6J8HMp2HhPzLboxqxfe8s\ndZGnWIFh5Vk5qFhWBl3lM+u1t4DId0eMweK0rKQyOfhqSFgt6hbOqWzJiewh92XE\nZPNH4mE00LuH61yPDiURej7o8Nyuhs6RAoIBAFA++0VnhzHiM1//I31fgIXev0/g\nXXRHH1tCQJgAtMImZ/FH7V2mKBYla7dmN04G+BS61Ue7qTahBUpR+w0Jdd3OXoLE\n9bVdnR6ChpfwqVJXH/0HGZOXcgOUbL7oGFQX7yUI3QRrVZoh/HjTCdZzq/6PgCct\n9M1717+PoJvF4jtplKXMfvOFgy+2unLHfF0zwmDBgZcpebwbKHj/KlaAe7snUUlV\nTIzYGWOFS85/sDT2MNNzXafUqm6mbx+rTTpFGG3L8wsChjxIpKW9uQedTdCyf5uC\nka6yGJZwr265UnnTnt2Fgu0PJFUWAPmdLZgISPFZ3kWGnZknUeoN8aVXjKI=\n-----END RSA PRIVATE KEY-----\n",
            "content_base64": null,
            "content_base64sha256": "P1yQuSUVguPw/yeUxnipNCT+YizsLXklBj4G7TnH9yQ=",
            "content_base64sha512": "I+x3y6huHXon45dCRAWUf9XHu4462PhBfJe7qFlwilIjDFPiEIH2w1SyGJFJI/rZ2sJw4AjNcGuY6c9gxZT8MA==",
            "content_md5": "32f542f7ea1965147b4bfba61d64c5c6",
            "content_sha1": "ed2218584e965516e1b2f9a6a5def43181c29f33",
            "content_sha256": "3f5c90b9251582e3f0ff2794c678a93424fe622cec2d7925063e06ed39c7f724",
            "content_sha512": "23ec77cba86e1d7a27e397424405947fd5c7bb8e3ad8f8417c97bba859708a52230c53e21081f6c354b218914923fad9dac270e008cd706b98e9cf60c594fc30",
            "directory_permission": "0777",
            "file_permission": "0400",
            "filename": ".ssh/terra.pem",
            "id": "ed2218584e965516e1b2f9a6a5def43181c29f33",
            "sensitive_content": null,
            "source": null
          },
          "sensitive_attributes": [
            [
              {
                "type": "get_attr",
                "value": "content"
              }
            ],
            [
              {
                "type": "get_attr",
                "value": "sensitive_content"
              }
            ]
          ],
          "identity_schema_version": 0,
          "dependencies": [
            "tls_private_key.ssh_key"
          ]
        }
      ]
    },
    {
      "mode": "managed",
      "type": "tls_private_key",
      "name": "ssh_key",
      "provider": "provider[\"registry.terraform.io/hashicorp/tls\"]",
      "instances": [
        {
          "schema_version": 1,
          "attributes": {
            "algorithm": "RSA",
            "ecdsa_curve": "P224",
            "id": "925cd37dedfde48b315749c8dcd955815d2fd1d8",
            "private_key_openssh": "-----BEGIN OPENSSH PRIVATE KEY-----\nb3BlbnNzaC1rZXktdjEAAAAABG5vbmUAAAAEbm9uZQAAAAAAAAABAAACFwAAAAdz\nc2gtcnNhAAAAAwEAAQAAAgEA9Qa2esuExt1c33rKefoKUFbFO8RsQMcZ4oMDXZZS\nPmsJciYMjrM22RdjmO4/8fgy6JWAOOyrCOm0PGN/yBq/zKAel0GJW5KLoY8pqnJL\n8H/Xg5aIYPFrsHNiVv2Oau2T8Y0XFMWOl29TSRIxR3w8QFKBRWg8F6SsHzVHFF1S\nD7Igi831nR/po5K0B8UtQoyEOTX1P8iNYo5Yph0liE5OugvMer9nqqFFC+GXI6d+\nXskz0iyebivdveo21WP/nY/PKWnzlhcrhAR8vRAHzoa/Yb5ZSaK9kgoOXpELVHJ6\nq0+Sc95kZW/fKEITxCyXdlDIzowUHUzSJ6u1jW2zwsqFl1xUH4BF3gM9+0bdMHY+\nrpgsyHSj8sj9E2sWZYHIo9uWQXEkrF6m1Z33TK+to6Mg6dTkWuOlphvJlCrpTRsO\nR2jBzZcFKgsC8qpETrKrXNvqOvi6oHOne6+Ioz9LPI6cIhhYb1nKeMOByxYMncmr\nDvryJ7KEDHpymx04/jH/DFBu1GsTTVKMLXpyUwfaMPzlDCLZ/0vaMnv6N2ZnTsWc\noE68rtmwYuHr65XjIiWJhgpNGqWOpUqHSfMZ9NvB114m8Fyimx9N/cftc8arIRzS\nlDiI2cJNXvR3vunf/VRt9fYkdb3m1ZMupcaGfG1LQR61kpdZI+lXX/YEY1rekYZu\n1yEAAAc49N0v5PTdL+QAAAAHc3NoLXJzYQAAAgEA9Qa2esuExt1c33rKefoKUFbF\nO8RsQMcZ4oMDXZZSPmsJciYMjrM22RdjmO4/8fgy6JWAOOyrCOm0PGN/yBq/zKAe\nl0GJW5KLoY8pqnJL8H/Xg5aIYPFrsHNiVv2Oau2T8Y0XFMWOl29TSRIxR3w8QFKB\nRWg8F6SsHzVHFF1SD7Igi831nR/po5K0B8UtQoyEOTX1P8iNYo5Yph0liE5OugvM\ner9nqqFFC+GXI6d+Xskz0iyebivdveo21WP/nY/PKWnzlhcrhAR8vRAHzoa/Yb5Z\nSaK9kgoOXpELVHJ6q0+Sc95kZW/fKEITxCyXdlDIzowUHUzSJ6u1jW2zwsqFl1xU\nH4BF3gM9+0bdMHY+rpgsyHSj8sj9E2sWZYHIo9uWQXEkrF6m1Z33TK+to6Mg6dTk\nWuOlphvJlCrpTRsOR2jBzZcFKgsC8qpETrKrXNvqOvi6oHOne6+Ioz9LPI6cIhhY\nb1nKeMOByxYMncmrDvryJ7KEDHpymx04/jH/DFBu1GsTTVKMLXpyUwfaMPzlDCLZ\n/0vaMnv6N2ZnTsWcoE68rtmwYuHr65XjIiWJhgpNGqWOpUqHSfMZ9NvB114m8Fyi\nmx9N/cftc8arIRzSlDiI2cJNXvR3vunf/VRt9fYkdb3m1ZMupcaGfG1LQR61kpdZ\nI+lXX/YEY1rekYZu1yEAAAADAQABAAACAAPzYDH3yffVogGnsn/v21aXJpIXkT4E\nY89EWOObeM8hNU9YDBXpL3RFwXUp2sG3VHVN80m/raSMtZtvaIQYw9DMIGAkli8R\n/GK+CuBA3Gb33bkFPmTPQbLwMlTIHPGuC9eORIHxC0L3cFymUKF4ICXSmrtcclMY\nhG6yoocyV8BRaT9N0mTumrsYooLZT9jxyHA+dapKDNcK5+SiRcyWRCRRbEIqp8SP\nWfxWfmQMl1/Wf0mXTvTka8xsDEcpqAmBpAfFOcBo1lqYIq1+9pxCrY9pNPn4J/W0\nyC1nyeqqN55/X4NzIZPl30+QLK7KIAVQKUO0zB56ko0hknFhxF8quieJ+csc65dI\nLastFOOg1PcCImes4wb+2flj4KECeWmVuAx0CCT5jIMbLS9BF+z2uHnelb+z3z0V\nEJnabCZgtQ7EwTIY19qRlww0zgkIA2AN+0e0hVa3/KI1DRbO/z5qds83vJKcz+my\n51kdKw8LIx/yN41hL63UzRJUDU+2ClQs3cie05GZhiJMEr7U8cRlvFAnsTE8CUAn\nbyhf1dmR3HUInhWkcYYkkR8TjOi2rgjfCMM6dnZGI6HRLdhFzwu+t9Ql0SDHILJZ\nMTQpcBBZw9xef3faBiJN2qsuIIu59F1MF4XRAvUuYIPybWQ6wPTRHS1vrhOJoQqK\nvFRuepX/hqKxAAABAFA++0VnhzHiM1//I31fgIXev0/gXXRHH1tCQJgAtMImZ/FH\n7V2mKBYla7dmN04G+BS61Ue7qTahBUpR+w0Jdd3OXoLE9bVdnR6ChpfwqVJXH/0H\nGZOXcgOUbL7oGFQX7yUI3QRrVZoh/HjTCdZzq/6PgCct9M1717+PoJvF4jtplKXM\nfvOFgy+2unLHfF0zwmDBgZcpebwbKHj/KlaAe7snUUlVTIzYGWOFS85/sDT2MNNz\nXafUqm6mbx+rTTpFGG3L8wsChjxIpKW9uQedTdCyf5uCka6yGJZwr265UnnTnt2F\ngu0PJFUWAPmdLZgISPFZ3kWGnZknUeoN8aVXjKIAAAEBAPo1Nh+ufgVC/jcB8BXW\nLjmiw/jlojVEy31pwifMtCWSJ3dfZ6qkDueuv6k4ZxzTz2Tf7GKKCHlPAXMEZz64\niBrbG5Dga2da1l6340LX3jQ8EYIMlnYP5uOTUn5Wp0VJke2CSdJeeXYvKdHul4yx\n/rw5Zl+3/G2EOOBtOCAdPrVzBJptPU3zWwhacGVR9v0CqNzz+oEH6rv/MfE0BQQc\n/80NCBIly2HnGVE3RVYft/XLkbS0sM1WG2MvyEmMzU07Nz7lTbwvZLpSwDWqzF0o\nBGGKsSxVbMa+cvTkbHGHy1E6W+0aPQfzw1FzvEXOPRqF5U/Qks0tj8+m5+J9siAc\nkREAAAEBAPqyyzlTNCMepu+mQ/Ef75dLwXTOC4947ijAoyURWPWIgPrh7g+qnT0g\nCI8onvSTywE6OIpbyDM4C55o84XUxsjIy9ijvnS/+kraosCwqushiqVClMp+mI1x\nOSwlSOBtVcE6koQpBecez5h5nEJ5VqlpAsx59dw6lzQOQe8q7jf7d3tyOGS4XCtf\nFte/CEIvHzXDoneygy58C1l/UnyklTz9dkoBy9phe9+uFcBoiS8blUWou5PKhFMo\nT9/h5gpsHIgDNBlmpcyO6UE17FfNx3WFG237nyUGId4A4smXLBAdluw+w0DKmz6t\nmLxQ69VPHSpWWY0KWku8TeUPnOp15REAAAAAAQID\n-----END OPENSSH PRIVATE KEY-----\n",
            "private_key_pem": "-----BEGIN RSA PRIVATE KEY-----\nMIIJKAIBAAKCAgEA9Qa2esuExt1c33rKefoKUFbFO8RsQMcZ4oMDXZZSPmsJciYM\njrM22RdjmO4/8fgy6JWAOOyrCOm0PGN/yBq/zKAel0GJW5KLoY8pqnJL8H/Xg5aI\nYPFrsHNiVv2Oau2T8Y0XFMWOl29TSRIxR3w8QFKBRWg8F6SsHzVHFF1SD7Igi831\nnR/po5K0B8UtQoyEOTX1P8iNYo5Yph0liE5OugvMer9nqqFFC+GXI6d+Xskz0iye\nbivdveo21WP/nY/PKWnzlhcrhAR8vRAHzoa/Yb5ZSaK9kgoOXpELVHJ6q0+Sc95k\nZW/fKEITxCyXdlDIzowUHUzSJ6u1jW2zwsqFl1xUH4BF3gM9+0bdMHY+rpgsyHSj\n8sj9E2sWZYHIo9uWQXEkrF6m1Z33TK+to6Mg6dTkWuOlphvJlCrpTRsOR2jBzZcF\nKgsC8qpETrKrXNvqOvi6oHOne6+Ioz9LPI6cIhhYb1nKeMOByxYMncmrDvryJ7KE\nDHpymx04/jH/DFBu1GsTTVKMLXpyUwfaMPzlDCLZ/0vaMnv6N2ZnTsWcoE68rtmw\nYuHr65XjIiWJhgpNGqWOpUqHSfMZ9NvB114m8Fyimx9N/cftc8arIRzSlDiI2cJN\nXvR3vunf/VRt9fYkdb3m1ZMupcaGfG1LQR61kpdZI+lXX/YEY1rekYZu1yECAwEA\nAQKCAgAD82Ax98n31aIBp7J/79tWlyaSF5E+BGPPRFjjm3jPITVPWAwV6S90RcF1\nKdrBt1R1TfNJv62kjLWbb2iEGMPQzCBgJJYvEfxivgrgQNxm9925BT5kz0Gy8DJU\nyBzxrgvXjkSB8QtC93BcplCheCAl0pq7XHJTGIRusqKHMlfAUWk/TdJk7pq7GKKC\n2U/Y8chwPnWqSgzXCufkokXMlkQkUWxCKqfEj1n8Vn5kDJdf1n9Jl0705GvMbAxH\nKagJgaQHxTnAaNZamCKtfvacQq2PaTT5+Cf1tMgtZ8nqqjeef1+DcyGT5d9PkCyu\nyiAFUClDtMweepKNIZJxYcRfKronifnLHOuXSC2rLRTjoNT3AiJnrOMG/tn5Y+Ch\nAnlplbgMdAgk+YyDGy0vQRfs9rh53pW/s989FRCZ2mwmYLUOxMEyGNfakZcMNM4J\nCANgDftHtIVWt/yiNQ0Wzv8+anbPN7ySnM/psudZHSsPCyMf8jeNYS+t1M0SVA1P\ntgpULN3IntORmYYiTBK+1PHEZbxQJ7ExPAlAJ28oX9XZkdx1CJ4VpHGGJJEfE4zo\ntq4I3wjDOnZ2RiOh0S3YRc8LvrfUJdEgxyCyWTE0KXAQWcPcXn932gYiTdqrLiCL\nufRdTBeF0QL1LmCD8m1kOsD00R0tb64TiaEKirxUbnqV/4aisQKCAQEA+jU2H65+\nBUL+NwHwFdYuOaLD+OWiNUTLfWnCJ8y0JZInd19nqqQO566/qThnHNPPZN/sYooI\neU8BcwRnPriIGtsbkOBrZ1rWXrfjQtfeNDwRggyWdg/m45NSflanRUmR7YJJ0l55\ndi8p0e6XjLH+vDlmX7f8bYQ44G04IB0+tXMEmm09TfNbCFpwZVH2/QKo3PP6gQfq\nu/8x8TQFBBz/zQ0IEiXLYecZUTdFVh+39cuRtLSwzVYbYy/ISYzNTTs3PuVNvC9k\nulLANarMXSgEYYqxLFVsxr5y9ORscYfLUTpb7Ro9B/PDUXO8Rc49GoXlT9CSzS2P\nz6bn4n2yIByREQKCAQEA+rLLOVM0Ix6m76ZD8R/vl0vBdM4Lj3juKMCjJRFY9YiA\n+uHuD6qdPSAIjyie9JPLATo4ilvIMzgLnmjzhdTGyMjL2KO+dL/6StqiwLCq6yGK\npUKUyn6YjXE5LCVI4G1VwTqShCkF5x7PmHmcQnlWqWkCzHn13DqXNA5B7yruN/t3\ne3I4ZLhcK18W178IQi8fNcOid7KDLnwLWX9SfKSVPP12SgHL2mF7364VwGiJLxuV\nRai7k8qEUyhP3+HmCmwciAM0GWalzI7pQTXsV83HdYUbbfufJQYh3gDiyZcsEB2W\n7D7DQMqbPq2YvFDr1U8dKlZZjQpaS7xN5Q+c6nXlEQKCAQEAspjg9WRcV+0mAKXF\ndhDYFhP0xulDC7r7dZ3UFQytWlQlD7RuDwPkD8RQ0r2L/KvEUkD0PrJAsjaO1kbC\nW6bkoCbeWl+WysOwWRPxiHkGB0sJREcv7z4SlUdHjx7Tb0XAgESL5TnCgXXQ6CTi\n0G8NYdWnGZP+/z1uS+QqN+IoLOTY2FI5fDbFOAU2TVxgbOFFH9KXcRrxlxfl0kJL\nglAg14EBzdJkhpGrJKnLOFqTuUOB0fdYbHmWOwqUcMuskABAwwhyoG1D/SusP6KX\nFbfGyMlzBi5D4ul2rQ+PyMoheu2pSGl+Pvrk5HM0ZK9+Njx1Hq/G2eY3zQVaZ/VI\n/FrnwQKCAQAWnnUZiflFRem3659rrP73/pzIxiJi4n1SbfcKTCNjm9pPSH0rKrCf\nKDm9eOPGm2MQjEk3qopInMDnnP6Dz6vTx9IkjLmNXRjfEhTnH8l8B32z5Wr5TizD\nbjjDU+XcYeD/2yIHDJB8xtniHu7LTJlWFaRsAID/SsYDq1mlk5EEugqQt8CAzeV7\nAExWUOUU252MQ0dwV0ngss5vV76AgnT4mMHIcZsL7Am6J8HMp2HhPzLboxqxfe8s\ndZGnWIFh5Vk5qFhWBl3lM+u1t4DId0eMweK0rKQyOfhqSFgt6hbOqWzJiewh92XE\nZPNH4mE00LuH61yPDiURej7o8Nyuhs6RAoIBAFA++0VnhzHiM1//I31fgIXev0/g\nXXRHH1tCQJgAtMImZ/FH7V2mKBYla7dmN04G+BS61Ue7qTahBUpR+w0Jdd3OXoLE\n9bVdnR6ChpfwqVJXH/0HGZOXcgOUbL7oGFQX7yUI3QRrVZoh/HjTCdZzq/6PgCct\n9M1717+PoJvF4jtplKXMfvOFgy+2unLHfF0zwmDBgZcpebwbKHj/KlaAe7snUUlV\nTIzYGWOFS85/sDT2MNNzXafUqm6mbx+rTTpFGG3L8wsChjxIpKW9uQedTdCyf5uC\nka6yGJZwr265UnnTnt2Fgu0PJFUWAPmdLZgISPFZ3kWGnZknUeoN8aVXjKI=\n-----END RSA PRIVATE KEY-----\n",
            "private_key_pem_pkcs8": "-----BEGIN PRIVATE KEY-----\nMIIJQgIBADANBgkqhkiG9w0BAQEFAASCCSwwggkoAgEAAoICAQD1BrZ6y4TG3Vzf\nesp5+gpQVsU7xGxAxxnigwNdllI+awlyJgyOszbZF2OY7j/x+DLolYA47KsI6bQ8\nY3/IGr/MoB6XQYlbkouhjymqckvwf9eDlohg8Wuwc2JW/Y5q7ZPxjRcUxY6Xb1NJ\nEjFHfDxAUoFFaDwXpKwfNUcUXVIPsiCLzfWdH+mjkrQHxS1CjIQ5NfU/yI1ijlim\nHSWITk66C8x6v2eqoUUL4Zcjp35eyTPSLJ5uK9296jbVY/+dj88pafOWFyuEBHy9\nEAfOhr9hvllJor2SCg5ekQtUcnqrT5Jz3mRlb98oQhPELJd2UMjOjBQdTNInq7WN\nbbPCyoWXXFQfgEXeAz37Rt0wdj6umCzIdKPyyP0TaxZlgcij25ZBcSSsXqbVnfdM\nr62joyDp1ORa46WmG8mUKulNGw5HaMHNlwUqCwLyqkROsqtc2+o6+Lqgc6d7r4ij\nP0s8jpwiGFhvWcp4w4HLFgydyasO+vInsoQMenKbHTj+Mf8MUG7UaxNNUowtenJT\nB9ow/OUMItn/S9oye/o3ZmdOxZygTryu2bBi4evrleMiJYmGCk0apY6lSodJ8xn0\n28HXXibwXKKbH039x+1zxqshHNKUOIjZwk1e9He+6d/9VG319iR1vebVky6lxoZ8\nbUtBHrWSl1kj6Vdf9gRjWt6Rhm7XIQIDAQABAoICAAPzYDH3yffVogGnsn/v21aX\nJpIXkT4EY89EWOObeM8hNU9YDBXpL3RFwXUp2sG3VHVN80m/raSMtZtvaIQYw9DM\nIGAkli8R/GK+CuBA3Gb33bkFPmTPQbLwMlTIHPGuC9eORIHxC0L3cFymUKF4ICXS\nmrtcclMYhG6yoocyV8BRaT9N0mTumrsYooLZT9jxyHA+dapKDNcK5+SiRcyWRCRR\nbEIqp8SPWfxWfmQMl1/Wf0mXTvTka8xsDEcpqAmBpAfFOcBo1lqYIq1+9pxCrY9p\nNPn4J/W0yC1nyeqqN55/X4NzIZPl30+QLK7KIAVQKUO0zB56ko0hknFhxF8quieJ\n+csc65dILastFOOg1PcCImes4wb+2flj4KECeWmVuAx0CCT5jIMbLS9BF+z2uHne\nlb+z3z0VEJnabCZgtQ7EwTIY19qRlww0zgkIA2AN+0e0hVa3/KI1DRbO/z5qds83\nvJKcz+my51kdKw8LIx/yN41hL63UzRJUDU+2ClQs3cie05GZhiJMEr7U8cRlvFAn\nsTE8CUAnbyhf1dmR3HUInhWkcYYkkR8TjOi2rgjfCMM6dnZGI6HRLdhFzwu+t9Ql\n0SDHILJZMTQpcBBZw9xef3faBiJN2qsuIIu59F1MF4XRAvUuYIPybWQ6wPTRHS1v\nrhOJoQqKvFRuepX/hqKxAoIBAQD6NTYfrn4FQv43AfAV1i45osP45aI1RMt9acIn\nzLQlkid3X2eqpA7nrr+pOGcc089k3+xiigh5TwFzBGc+uIga2xuQ4GtnWtZet+NC\n1940PBGCDJZ2D+bjk1J+VqdFSZHtgknSXnl2LynR7peMsf68OWZft/xthDjgbTgg\nHT61cwSabT1N81sIWnBlUfb9Aqjc8/qBB+q7/zHxNAUEHP/NDQgSJcth5xlRN0VW\nH7f1y5G0tLDNVhtjL8hJjM1NOzc+5U28L2S6UsA1qsxdKARhirEsVWzGvnL05Gxx\nh8tROlvtGj0H88NRc7xFzj0aheVP0JLNLY/PpufifbIgHJERAoIBAQD6sss5UzQj\nHqbvpkPxH++XS8F0zguPeO4owKMlEVj1iID64e4Pqp09IAiPKJ70k8sBOjiKW8gz\nOAueaPOF1MbIyMvYo750v/pK2qLAsKrrIYqlQpTKfpiNcTksJUjgbVXBOpKEKQXn\nHs+YeZxCeVapaQLMefXcOpc0DkHvKu43+3d7cjhkuFwrXxbXvwhCLx81w6J3soMu\nfAtZf1J8pJU8/XZKAcvaYXvfrhXAaIkvG5VFqLuTyoRTKE/f4eYKbByIAzQZZqXM\njulBNexXzcd1hRtt+58lBiHeAOLJlywQHZbsPsNAyps+rZi8UOvVTx0qVlmNClpL\nvE3lD5zqdeURAoIBAQCymOD1ZFxX7SYApcV2ENgWE/TG6UMLuvt1ndQVDK1aVCUP\ntG4PA+QPxFDSvYv8q8RSQPQ+skCyNo7WRsJbpuSgJt5aX5bKw7BZE/GIeQYHSwlE\nRy/vPhKVR0ePHtNvRcCARIvlOcKBddDoJOLQbw1h1acZk/7/PW5L5Co34igs5NjY\nUjl8NsU4BTZNXGBs4UUf0pdxGvGXF+XSQkuCUCDXgQHN0mSGkaskqcs4WpO5Q4HR\n91hseZY7CpRwy6yQAEDDCHKgbUP9K6w/opcVt8bIyXMGLkPi6XatD4/IyiF67alI\naX4++uTkczRkr342PHUer8bZ5jfNBVpn9Uj8WufBAoIBABaedRmJ+UVF6bfrn2us\n/vf+nMjGImLifVJt9wpMI2Ob2k9IfSsqsJ8oOb1448abYxCMSTeqikicwOec/oPP\nq9PH0iSMuY1dGN8SFOcfyXwHfbPlavlOLMNuOMNT5dxh4P/bIgcMkHzG2eIe7stM\nmVYVpGwAgP9KxgOrWaWTkQS6CpC3wIDN5XsATFZQ5RTbnYxDR3BXSeCyzm9XvoCC\ndPiYwchxmwvsCbonwcynYeE/MtujGrF97yx1kadYgWHlWTmoWFYGXeUz67W3gMh3\nR4zB4rSspDI5+GpIWC3qFs6pbMmJ7CH3ZcRk80fiYTTQu4frXI8OJRF6Pujw3K6G\nzpECggEAUD77RWeHMeIzX/8jfV+Ahd6/T+BddEcfW0JAmAC0wiZn8UftXaYoFiVr\nt2Y3Tgb4FLrVR7upNqEFSlH7DQl13c5egsT1tV2dHoKGl/CpUlcf/QcZk5dyA5Rs\nvugYVBfvJQjdBGtVmiH8eNMJ1nOr/o+AJy30zXvXv4+gm8XiO2mUpcx+84WDL7a6\ncsd8XTPCYMGBlyl5vBsoeP8qVoB7uydRSVVMjNgZY4VLzn+wNPYw03Ndp9SqbqZv\nH6tNOkUYbcvzCwKGPEikpb25B51N0LJ/m4KRrrIYlnCvbrlSedOe3YWC7Q8kVRYA\n+Z0tmAhI8VneRYadmSdR6g3xpVeMog==\n-----END PRIVATE KEY-----\n",
            "public_key_fingerprint_md5": "bf:a2:8a:89:e8:25:62:8b:31:18:09:41:38:45:ea:2c",
            "public_key_fingerprint_sha256": "SHA256:BKHtr2Azbqb8YyaJ9pVCwjJz6TCKwX2CIhpe4vfI1AM",
            "public_key_openssh": "ssh-rsa AAAAB3NzaC1yc2EAAAADAQABAAACAQD1BrZ6y4TG3Vzfesp5+gpQVsU7xGxAxxnigwNdllI+awlyJgyOszbZF2OY7j/x+DLolYA47KsI6bQ8Y3/IGr/MoB6XQYlbkouhjymqckvwf9eDlohg8Wuwc2JW/Y5q7ZPxjRcUxY6Xb1NJEjFHfDxAUoFFaDwXpKwfNUcUXVIPsiCLzfWdH+mjkrQHxS1CjIQ5NfU/yI1ijlimHSWITk66C8x6v2eqoUUL4Zcjp35eyTPSLJ5uK9296jbVY/+dj88pafOWFyuEBHy9EAfOhr9hvllJor2SCg5ekQtUcnqrT5Jz3mRlb98oQhPELJd2UMjOjBQdTNInq7WNbbPCyoWXXFQfgEXeAz37Rt0wdj6umCzIdKPyyP0TaxZlgcij25ZBcSSsXqbVnfdMr62joyDp1ORa46WmG8mUKulNGw5HaMHNlwUqCwLyqkROsqtc2+o6+Lqgc6d7r4ijP0s8jpwiGFhvWcp4w4HLFgydyasO+vInsoQMenKbHTj+Mf8MUG7UaxNNUowtenJTB9ow/OUMItn/S9oye/o3ZmdOxZygTryu2bBi4evrleMiJYmGCk0apY6lSodJ8xn028HXXibwXKKbH039x+1zxqshHNKUOIjZwk1e9He+6d/9VG319iR1vebVky6lxoZ8bUtBHrWSl1kj6Vdf9gRjWt6Rhm7XIQ==\n",
            "public_key_pem": "-----BEGIN PUBLIC KEY-----\nMIICIjANBgkqhkiG9w0BAQEFAAOCAg8AMIICCgKCAgEA9Qa2esuExt1c33rKefoK\nUFbFO8RsQMcZ4oMDXZZSPmsJciYMjrM22RdjmO4/8fgy6JWAOOyrCOm0PGN/yBq/\nzKAel0GJW5KLoY8pqnJL8H/Xg5aIYPFrsHNiVv2Oau2T8Y0XFMWOl29TSRIxR3w8\nQFKBRWg8F6SsHzVHFF1SD7Igi831nR/po5K0B8UtQoyEOTX1P8iNYo5Yph0liE5O\nugvMer9nqqFFC+GXI6d+Xskz0iyebivdveo21WP/nY/PKWnzlhcrhAR8vRAHzoa/\nYb5ZSaK9kgoOXpELVHJ6q0+Sc95kZW/fKEITxCyXdlDIzowUHUzSJ6u1jW2zwsqF\nl1xUH4BF3gM9+0bdMHY+rpgsyHSj8sj9E2sWZYHIo9uWQXEkrF6m1Z33TK+to6Mg\n6dTkWuOlphvJlCrpTRsOR2jBzZcFKgsC8qpETrKrXNvqOvi6oHOne6+Ioz9LPI6c\nIhhYb1nKeMOByxYMncmrDvryJ7KEDHpymx04/jH/DFBu1GsTTVKMLXpyUwfaMPzl\nDCLZ/0vaMnv6N2ZnTsWcoE68rtmwYuHr65XjIiWJhgpNGqWOpUqHSfMZ9NvB114m\n8Fyimx9N/cftc8arIRzSlDiI2cJNXvR3vunf/VRt9fYkdb3m1ZMupcaGfG1LQR61\nkpdZI+lXX/YEY1rekYZu1yECAwEAAQ==\n-----END PUBLIC KEY-----\n",
            "rsa_bits": 4096
          },
          "sensitive_attributes": [
            [
              {
                "type": "get_attr",
                "value": "private_key_openssh"
              }
            ],
            [
              {
                "type": "get_attr",
                "value": "private_key_pem"
              }
            ],
            [
              {
                "type": "get_attr",
                "value": "private_key_pem_pkcs8"
              }
            ]
          ],
          "identity_schema_version": 0
        }
      ]
    }
  ],
  "check_results": null
}
