{
  "version": 4,
  "terraform_version": "1.12.2",
  "serial": 1265,
  "lineage": "f96c6cc8-d144-0a57-9c16-4e6b9f276954",
  "outputs": {
    "backend_ip": {
      "value": "35.180.50.213",
      "type": "string"
    },
    "db_ip": {
      "value": "10.0.0.186",
      "type": "string"
    },
    "frontend_ip": {
      "value": "51.44.219.8",
      "type": "string"
    }
  },
  "resources": [
    {
      "mode": "managed",
      "type": "aws_iam_instance_profile",
      "name": "ec2_profile",
      "provider": "provider[\"registry.terraform.io/hashicorp/aws\"]",
      "instances": [
        {
          "schema_version": 0,
          "attributes": {
            "arn": "arn:aws:iam::278119223983:instance-profile/app1-ec2-profile",
            "create_date": "2025-07-07T00:27:09Z",
            "id": "app1-ec2-profile",
            "name": "app1-ec2-profile",
            "name_prefix": "",
            "path": "/",
            "role": "grand-role",
            "tags": null,
            "tags_all": {},
            "unique_id": "AIPAUBQJSSKX5FQ6OPU3N"
          },
          "sensitive_attributes": [],
          "identity_schema_version": 0,
          "private": "bnVsbA==",
          "dependencies": [
            "aws_iam_role.ec2_role"
          ]
        }
      ]
    },
    {
      "mode": "managed",
      "type": "aws_iam_policy",
      "name": "ec2_policy",
      "provider": "provider[\"registry.terraform.io/hashicorp/aws\"]",
      "instances": [
        {
          "schema_version": 0,
          "attributes": {
            "arn": "arn:aws:iam::278119223983:policy/policy-ec2",
            "attachment_count": 0,
            "description": "Policy to provide permission to EC2",
            "id": "arn:aws:iam::278119223983:policy/policy-ec2",
            "name": "policy-ec2",
            "name_prefix": "",
            "path": "/",
            "policy": "{\"Statement\":[{\"Action\":[\"ssm:GetParameters\",\"ssm:GetParameter\"],\"Effect\":\"Allow\",\"Resource\":\"arn:aws:ssm:eu-west-3:2781-1922-3983:parameter/app-1*\"},{\"Action\":[\"s3:GetObject\",\"s3:List*\"],\"Effect\":\"Allow\",\"Resource\":[\"arn:aws:s3:::skundu-proj3-3p-installers/download/*\"]}],\"Version\":\"2012-10-17\"}",
            "policy_id": "ANPAUBQJSSKXVEVFRX3UD",
            "tags": null,
            "tags_all": {}
          },
          "sensitive_attributes": [],
          "identity_schema_version": 0,
          "private": "bnVsbA=="
        }
      ]
    },
    {
      "mode": "managed",
      "type": "aws_iam_role",
      "name": "ec2_role",
      "provider": "provider[\"registry.terraform.io/hashicorp/aws\"]",
      "instances": [
        {
          "schema_version": 0,
          "attributes": {
            "arn": "arn:aws:iam::278119223983:role/grand-role",
            "assume_role_policy": "{\"Statement\":[{\"Action\":\"sts:AssumeRole\",\"Effect\":\"Allow\",\"Principal\":{\"Service\":\"ec2.amazonaws.com\"},\"Sid\":\"\"}],\"Version\":\"2012-10-17\"}",
            "create_date": "2025-07-07T00:27:08Z",
            "description": "",
            "force_detach_policies": false,
            "id": "grand-role",
            "inline_policy": [],
            "managed_policy_arns": [],
            "max_session_duration": 3600,
            "name": "grand-role",
            "name_prefix": "",
            "path": "/",
            "permissions_boundary": "",
            "tags": null,
            "tags_all": {},
            "unique_id": "AROAUBQJSSKXWMOWZAXIY"
          },
          "sensitive_attributes": [],
          "identity_schema_version": 0,
          "identity": {
            "account_id": "278119223983",
            "name": "grand-role"
          },
          "private": "bnVsbA=="
        }
      ]
    },
    {
      "mode": "managed",
      "type": "aws_iam_role_policy_attachment",
      "name": "custom",
      "provider": "provider[\"registry.terraform.io/hashicorp/aws\"]",
      "instances": [
        {
          "schema_version": 0,
          "attributes": {
            "id": "grand-role-20250707002709559700000001",
            "policy_arn": "arn:aws:iam::278119223983:policy/policy-ec2",
            "role": "grand-role"
          },
          "sensitive_attributes": [],
          "identity_schema_version": 0,
          "private": "bnVsbA==",
          "dependencies": [
            "aws_iam_policy.ec2_policy",
            "aws_iam_role.ec2_role"
          ]
        }
      ]
    },
    {
      "mode": "managed",
      "type": "aws_instance",
      "name": "backend",
      "provider": "provider[\"registry.terraform.io/hashicorp/aws\"]",
      "instances": [
        {
          "schema_version": 2,
          "attributes": {
            "ami": "ami-0f8d3c5dcfaceaa4f",
            "arn": "arn:aws:ec2:eu-west-3:278119223983:instance/i-037c85503134e631b",
            "associate_public_ip_address": true,
            "availability_zone": "eu-west-3b",
            "capacity_reservation_specification": [
              {
                "capacity_reservation_preference": "open",
                "capacity_reservation_target": []
              }
            ],
            "cpu_options": [
              {
                "amd_sev_snp": "",
                "core_count": 1,
                "threads_per_core": 2
              }
            ],
            "credit_specification": [
              {
                "cpu_credits": "unlimited"
              }
            ],
            "disable_api_stop": false,
            "disable_api_termination": false,
            "ebs_block_device": [],
            "ebs_optimized": false,
            "enable_primary_ipv6": null,
            "enclave_options": [
              {
                "enabled": false
              }
            ],
            "ephemeral_block_device": [],
            "get_password_data": false,
            "hibernation": false,
            "host_id": "",
            "host_resource_group_arn": null,
            "iam_instance_profile": "app1-ec2-profile",
            "id": "i-037c85503134e631b",
            "instance_initiated_shutdown_behavior": "stop",
            "instance_lifecycle": "",
            "instance_market_options": [],
            "instance_state": "running",
            "instance_type": "t3.micro",
            "ipv6_address_count": 0,
            "ipv6_addresses": [],
            "key_name": "terra",
            "launch_template": [],
            "maintenance_options": [
              {
                "auto_recovery": "default"
              }
            ],
            "metadata_options": [
              {
                "http_endpoint": "enabled",
                "http_protocol_ipv6": "disabled",
                "http_put_response_hop_limit": 2,
                "http_tokens": "required",
                "instance_metadata_tags": "disabled"
              }
            ],
            "monitoring": false,
            "network_interface": [],
            "outpost_arn": "",
            "password_data": "",
            "placement_group": "",
            "placement_partition_number": 0,
            "primary_network_interface_id": "eni-0beff98eef660b60c",
            "private_dns": "ip-10-0-0-154.eu-west-3.compute.internal",
            "private_dns_name_options": [
              {
                "enable_resource_name_dns_a_record": false,
                "enable_resource_name_dns_aaaa_record": false,
                "hostname_type": "ip-name"
              }
            ],
            "private_ip": "10.0.0.154",
            "public_dns": "",
            "public_ip": "35.180.50.213",
            "region": "eu-west-3",
            "root_block_device": [
              {
                "delete_on_termination": true,
                "device_name": "/dev/xvda",
                "encrypted": false,
                "iops": 3000,
                "kms_key_id": "",
                "tags": {},
                "tags_all": {},
                "throughput": 125,
                "volume_id": "vol-0bd6e6ea9ae871ef8",
                "volume_size": 8,
                "volume_type": "gp3"
              }
            ],
            "secondary_private_ips": [],
            "security_groups": [],
            "source_dest_check": true,
            "spot_instance_request_id": "",
            "subnet_id": "subnet-0607cafd2576ac622",
            "tags": {
              "Name": "backend"
            },
            "tags_all": {
              "Name": "backend"
            },
            "tenancy": "default",
            "timeouts": null,
            "user_data": null,
            "user_data_base64": null,
            "user_data_replace_on_change": false,
            "volume_tags": null,
            "vpc_security_group_ids": [
              "sg-01a6b9a9d33659d7d"
            ]
          },
          "sensitive_attributes": [],
          "identity_schema_version": 0,
          "private": "eyJlMmJmYjczMC1lY2FhLTExZTYtOGY4OC0zNDM2M2JjN2M0YzAiOnsiY3JlYXRlIjo2MDAwMDAwMDAwMDAsImRlbGV0ZSI6MTIwMDAwMDAwMDAwMCwicmVhZCI6OTAwMDAwMDAwMDAwLCJ1cGRhdGUiOjYwMDAwMDAwMDAwMH0sInNjaGVtYV92ZXJzaW9uIjoiMiJ9",
          "dependencies": [
            "aws_iam_instance_profile.ec2_profile",
            "aws_iam_role.ec2_role",
            "aws_key_pair.generated_key",
            "aws_security_group.monitoring",
            "aws_subnet.monitoring_a",
            "aws_vpc.monitoring",
            "tls_private_key.ssh_key"
          ]
        }
      ]
    },
    {
      "mode": "managed",
      "type": "aws_instance",
      "name": "db",
      "provider": "provider[\"registry.terraform.io/hashicorp/aws\"]",
      "instances": [
        {
          "schema_version": 2,
          "attributes": {
            "ami": "ami-0f8d3c5dcfaceaa4f",
            "arn": "arn:aws:ec2:eu-west-3:278119223983:instance/i-0d6f8a248bfefc332",
            "associate_public_ip_address": true,
            "availability_zone": "eu-west-3b",
            "capacity_reservation_specification": [
              {
                "capacity_reservation_preference": "open",
                "capacity_reservation_target": []
              }
            ],
            "cpu_options": [
              {
                "amd_sev_snp": "",
                "core_count": 1,
                "threads_per_core": 2
              }
            ],
            "credit_specification": [
              {
                "cpu_credits": "unlimited"
              }
            ],
            "disable_api_stop": false,
            "disable_api_termination": false,
            "ebs_block_device": [],
            "ebs_optimized": false,
            "enable_primary_ipv6": null,
            "enclave_options": [
              {
                "enabled": false
              }
            ],
            "ephemeral_block_device": [],
            "get_password_data": false,
            "hibernation": false,
            "host_id": "",
            "host_resource_group_arn": null,
            "iam_instance_profile": "app1-ec2-profile",
            "id": "i-0d6f8a248bfefc332",
            "instance_initiated_shutdown_behavior": "stop",
            "instance_lifecycle": "",
            "instance_market_options": [],
            "instance_state": "running",
            "instance_type": "t3.micro",
            "ipv6_address_count": 0,
            "ipv6_addresses": [],
            "key_name": "terra",
            "launch_template": [],
            "maintenance_options": [
              {
                "auto_recovery": "default"
              }
            ],
            "metadata_options": [
              {
                "http_endpoint": "enabled",
                "http_protocol_ipv6": "disabled",
                "http_put_response_hop_limit": 2,
                "http_tokens": "required",
                "instance_metadata_tags": "disabled"
              }
            ],
            "monitoring": false,
            "network_interface": [],
            "outpost_arn": "",
            "password_data": "",
            "placement_group": "",
            "placement_partition_number": 0,
            "primary_network_interface_id": "eni-02e3367116b47e731",
            "private_dns": "ip-10-0-0-186.eu-west-3.compute.internal",
            "private_dns_name_options": [
              {
                "enable_resource_name_dns_a_record": false,
                "enable_resource_name_dns_aaaa_record": false,
                "hostname_type": "ip-name"
              }
            ],
            "private_ip": "10.0.0.186",
            "public_dns": "",
            "public_ip": "15.237.82.63",
            "region": "eu-west-3",
            "root_block_device": [
              {
                "delete_on_termination": true,
                "device_name": "/dev/xvda",
                "encrypted": false,
                "iops": 3000,
                "kms_key_id": "",
                "tags": {},
                "tags_all": {},
                "throughput": 125,
                "volume_id": "vol-0d459e41ff7bbb470",
                "volume_size": 8,
                "volume_type": "gp3"
              }
            ],
            "secondary_private_ips": [],
            "security_groups": [],
            "source_dest_check": true,
            "spot_instance_request_id": "",
            "subnet_id": "subnet-0607cafd2576ac622",
            "tags": {
              "Name": "database"
            },
            "tags_all": {
              "Name": "database"
            },
            "tenancy": "default",
            "timeouts": null,
            "user_data": null,
            "user_data_base64": null,
            "user_data_replace_on_change": false,
            "volume_tags": null,
            "vpc_security_group_ids": [
              "sg-01a6b9a9d33659d7d"
            ]
          },
          "sensitive_attributes": [],
          "identity_schema_version": 0,
          "private": "eyJlMmJmYjczMC1lY2FhLTExZTYtOGY4OC0zNDM2M2JjN2M0YzAiOnsiY3JlYXRlIjo2MDAwMDAwMDAwMDAsImRlbGV0ZSI6MTIwMDAwMDAwMDAwMCwicmVhZCI6OTAwMDAwMDAwMDAwLCJ1cGRhdGUiOjYwMDAwMDAwMDAwMH0sInNjaGVtYV92ZXJzaW9uIjoiMiJ9",
          "dependencies": [
            "aws_iam_instance_profile.ec2_profile",
            "aws_iam_role.ec2_role",
            "aws_key_pair.generated_key",
            "aws_security_group.monitoring",
            "aws_subnet.monitoring_a",
            "aws_vpc.monitoring",
            "tls_private_key.ssh_key"
          ]
        }
      ]
    },
    {
      "mode": "managed",
      "type": "aws_instance",
      "name": "frontend",
      "provider": "provider[\"registry.terraform.io/hashicorp/aws\"]",
      "instances": [
        {
          "schema_version": 2,
          "attributes": {
            "ami": "ami-0f8d3c5dcfaceaa4f",
            "arn": "arn:aws:ec2:eu-west-3:278119223983:instance/i-0c79b221ef433e30d",
            "associate_public_ip_address": true,
            "availability_zone": "eu-west-3b",
            "capacity_reservation_specification": [
              {
                "capacity_reservation_preference": "open",
                "capacity_reservation_target": []
              }
            ],
            "cpu_options": [
              {
                "amd_sev_snp": "",
                "core_count": 1,
                "threads_per_core": 2
              }
            ],
            "credit_specification": [
              {
                "cpu_credits": "unlimited"
              }
            ],
            "disable_api_stop": false,
            "disable_api_termination": false,
            "ebs_block_device": [],
            "ebs_optimized": false,
            "enable_primary_ipv6": null,
            "enclave_options": [
              {
                "enabled": false
              }
            ],
            "ephemeral_block_device": [],
            "get_password_data": false,
            "hibernation": false,
            "host_id": "",
            "host_resource_group_arn": null,
            "iam_instance_profile": "app1-ec2-profile",
            "id": "i-0c79b221ef433e30d",
            "instance_initiated_shutdown_behavior": "stop",
            "instance_lifecycle": "",
            "instance_market_options": [],
            "instance_state": "running",
            "instance_type": "t3.micro",
            "ipv6_address_count": 0,
            "ipv6_addresses": [],
            "key_name": "terra",
            "launch_template": [],
            "maintenance_options": [
              {
                "auto_recovery": "default"
              }
            ],
            "metadata_options": [
              {
                "http_endpoint": "enabled",
                "http_protocol_ipv6": "disabled",
                "http_put_response_hop_limit": 2,
                "http_tokens": "required",
                "instance_metadata_tags": "disabled"
              }
            ],
            "monitoring": false,
            "network_interface": [],
            "outpost_arn": "",
            "password_data": "",
            "placement_group": "",
            "placement_partition_number": 0,
            "primary_network_interface_id": "eni-0ad74546e488a69dd",
            "private_dns": "ip-10-0-0-195.eu-west-3.compute.internal",
            "private_dns_name_options": [
              {
                "enable_resource_name_dns_a_record": false,
                "enable_resource_name_dns_aaaa_record": false,
                "hostname_type": "ip-name"
              }
            ],
            "private_ip": "10.0.0.195",
            "public_dns": "",
            "public_ip": "51.44.219.8",
            "region": "eu-west-3",
            "root_block_device": [
              {
                "delete_on_termination": true,
                "device_name": "/dev/xvda",
                "encrypted": false,
                "iops": 3000,
                "kms_key_id": "",
                "tags": {},
                "tags_all": {},
                "throughput": 125,
                "volume_id": "vol-0d0b464634d3b1490",
                "volume_size": 8,
                "volume_type": "gp3"
              }
            ],
            "secondary_private_ips": [],
            "security_groups": [],
            "source_dest_check": true,
            "spot_instance_request_id": "",
            "subnet_id": "subnet-0607cafd2576ac622",
            "tags": {
              "Name": "frontend"
            },
            "tags_all": {
              "Name": "frontend"
            },
            "tenancy": "default",
            "timeouts": null,
            "user_data": null,
            "user_data_base64": null,
            "user_data_replace_on_change": false,
            "volume_tags": null,
            "vpc_security_group_ids": [
              "sg-01a6b9a9d33659d7d"
            ]
          },
          "sensitive_attributes": [],
          "identity_schema_version": 0,
          "private": "eyJlMmJmYjczMC1lY2FhLTExZTYtOGY4OC0zNDM2M2JjN2M0YzAiOnsiY3JlYXRlIjo2MDAwMDAwMDAwMDAsImRlbGV0ZSI6MTIwMDAwMDAwMDAwMCwicmVhZCI6OTAwMDAwMDAwMDAwLCJ1cGRhdGUiOjYwMDAwMDAwMDAwMH0sInNjaGVtYV92ZXJzaW9uIjoiMiJ9",
          "dependencies": [
            "aws_iam_instance_profile.ec2_profile",
            "aws_iam_role.ec2_role",
            "aws_key_pair.generated_key",
            "aws_security_group.monitoring",
            "aws_subnet.monitoring_a",
            "aws_vpc.monitoring",
            "tls_private_key.ssh_key"
          ]
        }
      ]
    },
    {
      "mode": "managed",
      "type": "aws_internet_gateway",
      "name": "monitoring",
      "provider": "provider[\"registry.terraform.io/hashicorp/aws\"]",
      "instances": [
        {
          "schema_version": 0,
          "attributes": {
            "arn": "arn:aws:ec2:eu-west-3:278119223983:internet-gateway/igw-0cd69ea558584e470",
            "id": "igw-0cd69ea558584e470",
            "owner_id": "278119223983",
            "region": "eu-west-3",
            "tags": null,
            "tags_all": {},
            "timeouts": null,
            "vpc_id": "vpc-0ae0a992c733e8a79"
          },
          "sensitive_attributes": [],
          "identity_schema_version": 0,
          "private": "eyJlMmJmYjczMC1lY2FhLTExZTYtOGY4OC0zNDM2M2JjN2M0YzAiOnsiY3JlYXRlIjoxMjAwMDAwMDAwMDAwLCJkZWxldGUiOjEyMDAwMDAwMDAwMDAsInVwZGF0ZSI6MTIwMDAwMDAwMDAwMH19",
          "dependencies": [
            "aws_vpc.monitoring"
          ]
        }
      ]
    },
    {
      "mode": "managed",
      "type": "aws_key_pair",
      "name": "generated_key",
      "provider": "provider[\"registry.terraform.io/hashicorp/aws\"]",
      "instances": [
        {
          "schema_version": 1,
          "attributes": {
            "arn": "arn:aws:ec2:eu-west-3:278119223983:key-pair/terra",
            "fingerprint": "4f:ca:21:c6:1e:12:93:3a:59:94:b9:bf:f0:f5:1b:9e",
            "id": "terra",
            "key_name": "terra",
            "key_name_prefix": "",
            "key_pair_id": "key-0c676da2a4b02dbed",
            "key_type": "rsa",
            "public_key": "ssh-rsa AAAAB3NzaC1yc2EAAAADAQABAAACAQCiWijvGd/J2SbFJcrqs4hqHQrHDbMpqlJ02sMlPqI14KpvhsXuo6SUAVrDZcKuj1Gd6Ba0us2aQC54IGFqnffnSmGda3SdmU8xOIXkg03e2d2q02IGNH5bzMYJcYb4hn8eLAwrhozLsHM/2JZdilAMoElA+PF2bPH0QMcZMoL9Lddo2KPGKlFnoSr83/6hoVr4LJTksKt1sCupQQEWVqHMpFfyFL95OONIbYemmyz2mimMWRjCtUObzmuIphWmoNg+9moB9gqrygmVTKKUbZ7j0vjOp82BYDoi5xPbsVrtdNUcycs34VkbpDVtQoDKYphN4uQTvatJ9KKNyEe1yC0uG+Y2CcEamFbpEd1olFWXq7ao9CKcBLikSq4enb0qWB0fnR1CxyvRO9o020k3it5uKvm5osM3QRFx0VNcvrFO0OtGJNO8PMgFuqLY+vz9rYIONqJkl+S113/wij1TEcIa0/vgbG8aN8+Dr/3KDEcME0p9vLCTBXU2bs2iDGBONTcls/Mw8G04hk42+GT0W1/J3MnH0HYyICv8UNlxfB9kx/f5Pd9O/3+RaGEzzR8jR+CxV7nyWT78j2JkLRdDxgTjbR8W1UU/Hp+hR09TiOJSaSQLWNU7atztLhLxlyzLfCH8K3+9qSVqvsaBf7qzs8MGLNm+kif4wOUf8pMx0bJZ2w==",
            "region": "eu-west-3",
            "tags": null,
            "tags_all": {}
          },
          "sensitive_attributes": [],
          "identity_schema_version": 0,
          "private": "eyJzY2hlbWFfdmVyc2lvbiI6IjEifQ==",
          "dependencies": [
            "tls_private_key.ssh_key"
          ]
        }
      ]
    },
    {
      "mode": "managed",
      "type": "aws_route_table",
      "name": "public",
      "provider": "provider[\"registry.terraform.io/hashicorp/aws\"]",
      "instances": [
        {
          "schema_version": 0,
          "attributes": {
            "arn": "arn:aws:ec2:eu-west-3:278119223983:route-table/rtb-0b566c7782862d0cc",
            "id": "rtb-0b566c7782862d0cc",
            "owner_id": "278119223983",
            "propagating_vgws": [],
            "region": "eu-west-3",
            "route": [
              {
                "carrier_gateway_id": "",
                "cidr_block": "0.0.0.0/0",
                "core_network_arn": "",
                "destination_prefix_list_id": "",
                "egress_only_gateway_id": "",
                "gateway_id": "igw-0cd69ea558584e470",
                "ipv6_cidr_block": "",
                "local_gateway_id": "",
                "nat_gateway_id": "",
                "network_interface_id": "",
                "transit_gateway_id": "",
                "vpc_endpoint_id": "",
                "vpc_peering_connection_id": ""
              }
            ],
            "tags": null,
            "tags_all": {},
            "timeouts": null,
            "vpc_id": "vpc-0ae0a992c733e8a79"
          },
          "sensitive_attributes": [],
          "identity_schema_version": 0,
          "private": "eyJlMmJmYjczMC1lY2FhLTExZTYtOGY4OC0zNDM2M2JjN2M0YzAiOnsiY3JlYXRlIjozMDAwMDAwMDAwMDAsImRlbGV0ZSI6MzAwMDAwMDAwMDAwLCJ1cGRhdGUiOjEyMDAwMDAwMDAwMH19",
          "dependencies": [
            "aws_internet_gateway.monitoring",
            "aws_vpc.monitoring"
          ]
        }
      ]
    },
    {
      "mode": "managed",
      "type": "aws_route_table_association",
      "name": "monitoring-a",
      "provider": "provider[\"registry.terraform.io/hashicorp/aws\"]",
      "instances": [
        {
          "schema_version": 0,
          "attributes": {
            "gateway_id": "",
            "id": "rtbassoc-03ba75ce7072b0cae",
            "region": "eu-west-3",
            "route_table_id": "rtb-0b566c7782862d0cc",
            "subnet_id": "subnet-0607cafd2576ac622",
            "timeouts": null
          },
          "sensitive_attributes": [],
          "identity_schema_version": 0,
          "private": "eyJlMmJmYjczMC1lY2FhLTExZTYtOGY4OC0zNDM2M2JjN2M0YzAiOnsiY3JlYXRlIjozMDAwMDAwMDAwMDAsImRlbGV0ZSI6MzAwMDAwMDAwMDAwLCJ1cGRhdGUiOjEyMDAwMDAwMDAwMH19",
          "dependencies": [
            "aws_internet_gateway.monitoring",
            "aws_route_table.public",
            "aws_subnet.monitoring_a",
            "aws_vpc.monitoring"
          ]
        }
      ]
    },
    {
      "mode": "managed",
      "type": "aws_security_group",
      "name": "monitoring",
      "provider": "provider[\"registry.terraform.io/hashicorp/aws\"]",
      "instances": [
        {
          "schema_version": 1,
          "attributes": {
            "arn": "arn:aws:ec2:eu-west-3:278119223983:security-group/sg-01a6b9a9d33659d7d",
            "description": "Managed by Terraform",
            "egress": [
              {
                "cidr_blocks": [
                  "0.0.0.0/0"
                ],
                "description": "Allow all outbound traffic",
                "from_port": 0,
                "ipv6_cidr_blocks": [
                  "::/0"
                ],
                "prefix_list_ids": [],
                "protocol": "-1",
                "security_groups": [],
                "self": false,
                "to_port": 0
              }
            ],
            "id": "sg-01a6b9a9d33659d7d",
            "ingress": [
              {
                "cidr_blocks": [
                  "0.0.0.0/0"
                ],
                "description": "Allow SSH",
                "from_port": 22,
                "ipv6_cidr_blocks": [
                  "::/0"
                ],
                "prefix_list_ids": [],
                "protocol": "tcp",
                "security_groups": [],
                "self": false,
                "to_port": 22
              },
              {
                "cidr_blocks": [
                  "0.0.0.0/0"
                ],
                "description": "Allow traffic to Grafana (port 3000 by default)",
                "from_port": 3000,
                "ipv6_cidr_blocks": [
                  "::/0"
                ],
                "prefix_list_ids": [],
                "protocol": "tcp",
                "security_groups": [],
                "self": false,
                "to_port": 3000
              },
              {
                "cidr_blocks": [
                  "0.0.0.0/0"
                ],
                "description": "Allow traffic to Prometheus server (port 9090 by default)",
                "from_port": 9090,
                "ipv6_cidr_blocks": [
                  "::/0"
                ],
                "prefix_list_ids": [],
                "protocol": "tcp",
                "security_groups": [],
                "self": false,
                "to_port": 9090
              }
            ],
            "name": "monitoring-server",
            "name_prefix": "",
            "owner_id": "278119223983",
            "region": "eu-west-3",
            "revoke_rules_on_delete": false,
            "tags": null,
            "tags_all": {},
            "timeouts": null,
            "vpc_id": "vpc-0ae0a992c733e8a79"
          },
          "sensitive_attributes": [],
          "identity_schema_version": 0,
          "private": "eyJlMmJmYjczMC1lY2FhLTExZTYtOGY4OC0zNDM2M2JjN2M0YzAiOnsiY3JlYXRlIjo2MDAwMDAwMDAwMDAsImRlbGV0ZSI6OTAwMDAwMDAwMDAwfSwic2NoZW1hX3ZlcnNpb24iOiIxIn0=",
          "dependencies": [
            "aws_vpc.monitoring"
          ]
        }
      ]
    },
    {
      "mode": "managed",
      "type": "aws_subnet",
      "name": "monitoring_a",
      "provider": "provider[\"registry.terraform.io/hashicorp/aws\"]",
      "instances": [
        {
          "schema_version": 1,
          "attributes": {
            "arn": "arn:aws:ec2:eu-west-3:278119223983:subnet/subnet-0607cafd2576ac622",
            "assign_ipv6_address_on_creation": false,
            "availability_zone": "eu-west-3b",
            "availability_zone_id": "euw3-az2",
            "cidr_block": "10.0.0.0/24",
            "customer_owned_ipv4_pool": "",
            "enable_dns64": false,
            "enable_lni_at_device_index": 0,
            "enable_resource_name_dns_a_record_on_launch": false,
            "enable_resource_name_dns_aaaa_record_on_launch": false,
            "id": "subnet-0607cafd2576ac622",
            "ipv6_cidr_block": "",
            "ipv6_cidr_block_association_id": "",
            "ipv6_native": false,
            "map_customer_owned_ip_on_launch": false,
            "map_public_ip_on_launch": false,
            "outpost_arn": "",
            "owner_id": "278119223983",
            "private_dns_hostname_type_on_launch": "ip-name",
            "region": "eu-west-3",
            "tags": null,
            "tags_all": {},
            "timeouts": null,
            "vpc_id": "vpc-0ae0a992c733e8a79"
          },
          "sensitive_attributes": [],
          "identity_schema_version": 0,
          "private": "eyJlMmJmYjczMC1lY2FhLTExZTYtOGY4OC0zNDM2M2JjN2M0YzAiOnsiY3JlYXRlIjo2MDAwMDAwMDAwMDAsImRlbGV0ZSI6MTIwMDAwMDAwMDAwMH0sInNjaGVtYV92ZXJzaW9uIjoiMSJ9",
          "dependencies": [
            "aws_vpc.monitoring"
          ]
        }
      ]
    },
    {
      "mode": "managed",
      "type": "aws_vpc",
      "name": "monitoring",
      "provider": "provider[\"registry.terraform.io/hashicorp/aws\"]",
      "instances": [
        {
          "schema_version": 1,
          "attributes": {
            "arn": "arn:aws:ec2:eu-west-3:278119223983:vpc/vpc-0ae0a992c733e8a79",
            "assign_generated_ipv6_cidr_block": false,
            "cidr_block": "10.0.0.0/16",
            "default_network_acl_id": "acl-0cb0975afce9f3217",
            "default_route_table_id": "rtb-067e3e585806ac1fa",
            "default_security_group_id": "sg-0dfffa887cd4fc271",
            "dhcp_options_id": "dopt-0a0b3ed935c0b2a52",
            "enable_dns_hostnames": false,
            "enable_dns_support": true,
            "enable_network_address_usage_metrics": false,
            "id": "vpc-0ae0a992c733e8a79",
            "instance_tenancy": "default",
            "ipv4_ipam_pool_id": null,
            "ipv4_netmask_length": null,
            "ipv6_association_id": "",
            "ipv6_cidr_block": "",
            "ipv6_cidr_block_network_border_group": "",
            "ipv6_ipam_pool_id": "",
            "ipv6_netmask_length": 0,
            "main_route_table_id": "rtb-067e3e585806ac1fa",
            "owner_id": "278119223983",
            "region": "eu-west-3",
            "tags": null,
            "tags_all": {}
          },
          "sensitive_attributes": [],
          "identity_schema_version": 0,
          "private": "eyJzY2hlbWFfdmVyc2lvbiI6IjEifQ=="
        }
      ]
    },
    {
      "mode": "managed",
      "type": "local_file",
      "name": "ansible_inventory",
      "provider": "provider[\"registry.terraform.io/hashicorp/local\"]",
      "instances": [
        {
          "schema_version": 0,
          "attributes": {
            "content": "[frontend]\nfrontend ansible_host=51.44.219.8 ansible_user=ec2-user ansible_ssh_private_key_file=../.ssh/terra.pem\n\n[backend]\nbackend ansible_host=35.180.50.213 ansible_user=ec2-user ansible_ssh_private_key_file=../.ssh/terra.pem\n\n[db]\ndb ansible_host=10.0.0.186 ansible_user=ec2-user ansible_ssh_private_key_file=../.ssh/terra.pem\n\n[app:children]\nfrontend\nbackend\ndb\n",
            "content_base64": null,
            "content_base64sha256": "GkuAmVMUYcLdU7jJxSCXv+phF5NpUj7Ca/5bSGiYCqo=",
            "content_base64sha512": "NE27Kn90TbM6VshRhsVQUueMdX2OPyPfo2nxJhlDylJX/guCTntUATdrapNR888ouInUlfRZ7dE/klomugWfzQ==",
            "content_md5": "60621b4fb5f0f9585d482032502c2bc7",
            "content_sha1": "aa72d926bcede81a28959cc1ed1560545d1725a6",
            "content_sha256": "1a4b8099531461c2dd53b8c9c52097bfea61179369523ec26bfe5b4868980aaa",
            "content_sha512": "344dbb2a7f744db33a56c85186c55052e78c757d8e3f23dfa369f1261943ca5257fe0b824e7b5401376b6a9351f3cf28b889d495f459edd13f925a26ba059fcd",
            "directory_permission": "0777",
            "file_permission": "0644",
            "filename": "./ansible/inv.ini",
            "id": "aa72d926bcede81a28959cc1ed1560545d1725a6",
            "sensitive_content": null,
            "source": null
          },
          "sensitive_attributes": [
            [
              {
                "type": "get_attr",
                "value": "sensitive_content"
              }
            ]
          ],
          "identity_schema_version": 0,
          "dependencies": [
            "aws_iam_instance_profile.ec2_profile",
            "aws_iam_role.ec2_role",
            "aws_instance.backend",
            "aws_instance.db",
            "aws_instance.frontend",
            "aws_key_pair.generated_key",
            "aws_security_group.monitoring",
            "aws_subnet.monitoring_a",
            "aws_vpc.monitoring",
            "tls_private_key.ssh_key"
          ]
        }
      ]
    },
    {
      "mode": "managed",
      "type": "local_file",
      "name": "private_key",
      "provider": "provider[\"registry.terraform.io/hashicorp/local\"]",
      "instances": [
        {
          "schema_version": 0,
          "attributes": {
            "content": "-----BEGIN RSA PRIVATE KEY-----\nMIIJKAIBAAKCAgEAoloo7xnfydkmxSXK6rOIah0Kxw2zKapSdNrDJT6iNeCqb4bF\n7qOklAFaw2XCro9RnegWtLrNmkAueCBhap3350phnWt0nZlPMTiF5INN3tndqtNi\nBjR+W8zGCXGG+IZ/HiwMK4aMy7BzP9iWXYpQDKBJQPjxdmzx9EDHGTKC/S3XaNij\nxipRZ6Eq/N/+oaFa+CyU5LCrdbArqUEBFlahzKRX8hS/eTjjSG2Hppss9popjFkY\nwrVDm85riKYVpqDYPvZqAfYKq8oJlUyilG2e49L4zqfNgWA6IucT27Fa7XTVHMnL\nN+FZG6Q1bUKAymKYTeLkE72rSfSijchHtcgtLhvmNgnBGphW6RHdaJRVl6u2qPQi\nnAS4pEquHp29KlgdH50dQscr0TvaNNtJN4rebir5uaLDN0ERcdFTXL6xTtDrRiTT\nvDzIBbqi2Pr8/a2CDjaiZJfktdd/8Io9UxHCGtP74GxvGjfPg6/9ygxHDBNKfbyw\nkwV1Nm7NogxgTjU3JbPzMPBtOIZONvhk9FtfydzJx9B2MiAr/FDZcXwfZMf3+T3f\nTv9/kWhhM80fI0fgsVe58lk+/I9iZC0XQ8YE420fFtVFPx6foUdPU4jiUmkkC1jV\nO2rc7S4S8Zcsy3wh/Ct/vaklar7GgX+6s7PDBizZvpIn+MDlH/KTMdGyWdsCAwEA\nAQKCAgAA7t+5Wr63MZulb8LWIn4FjhvXv7O96OVcbT1zOK7vUavpGYSIYJcQ5V5u\nLRGMtfTUIYIFO+WengEmXkPxEZixKEjzV1YY6clTZm3D6HVJc0XGNjzOqFKUQyhd\njtzQZNrU2OVLrWmgahKKKrvX1x7//j6C3xYUMNVwf/F6VZinIoelv0kBrzs/NeVC\nBXo4gkLm65VXfc8eeAq9iErHTsF9+ZvVH7ASCZ+qH5GzWsT2uIrF7GUrXqYAKT7j\npCtlBRuju6rUTrkKT7j1C2G2f1ggcGqkVWvlnctNFA2V1P50IEMb9+pGbJx51Nxx\nv6YZ2QM4agtsNEozEfLf5Gd1G1dsdWgAH+qA3TBOJg98KB5DaGC9hRlZI4PUTf0f\nhNq6BZPJNYcQxk4v+QL16BCGQgug7m+xzDkh4wFB9Mhql7HwN46CqjZVwN4qsm6l\nh//qQztaA8VyiPC0P7jnvhsjMig4bvG3dxplFLSNujBhIMee1GbTFpOowiS8mCpL\nPwldcZnThbaJqdviOoNd0EZkOyhfA72c4yXV2YrQlzjMMuq/GMuwc2WNVrjc2IoR\nymxS4tu54Xy7y/7A1V1gPjh3/Y8Y8bGYDyN71Sbb2HUGgji0ks6+PBYE4byIWmlr\nHil09of1apwkMXMmX5iAZYcNvTYp9ZBFvwiPY5UFBxZEnZ9ZEQKCAQEAwntRw/Td\nrtdLF95lEfCw9BzLjNgtVTIC+8MiSX9vAdBl6UmX4tQf+GTa4aYl3LmhfGk0qFVN\njxeLkLUxAc/Jj/v081+U7MV7dyRV4PCr8vIdlonIyhv0NFSjiK+OXqW6g1cL8MRg\nLt02TfUVwU7nbgCbfTnbc+4h2x/1SMlxzd4YttSr1xUH6uwGjHl2kKL1aZlxjQzw\nmDr2bael3yWhSfKu06QAJJS40kr/psLhHB5JiL56+k58+u0CBsMGBmUcggzMnCxO\nGc62xkofHE62v48FHKeXq1vZbkgNYXpu3dRJddBLY35f1aIlJRTQSUeXhDsZ2Kym\nfhtjTpFkJ0IDZQKCAQEA1bUQu6Ed25BhA06ceQv2l8iadEstTlu1XkJQntXUgQWB\n/CLBEXOYbzpHJ49d3cvIG1XpKy9PjH9c77acB7v5Iv02bCFClktU2BpnBgj4JGVo\nYtcnjCYxQzv52uU8y/mKHVeGcj83s487qRkG3/uUi7JxYWQjiisNntrudw2y9+3P\nOj8dEfMW9rs6LijEyBAVKrhK3z0UpPDuwSzAes3NxYdjgOJ0Rp4c9RFyy6nBJBf9\n3YRVzKsQfalNlNqq7RnFeW5vyQo8QQ+r/Qe4VYy5cdzPwMNpAvXqVBxQyQQPmZlm\np/CZhCxflhVp7V9AHuF9V8+YDnSw3JA7b3kriAc0PwKCAQEAhr7ojOt4OK6EIdp9\njmuEPu5Afao95nxLIuI1PFUltU0Nfw/1QzyTlgdSu+rg6shWwZsm18aagRzgHvfb\nJ5Uu4yq/sWu1BENjYs3zDnHRwPbNV0LJsnahwSwvTgHMk3kh++PwqvV0aqPr/yFi\n3Fdt84JKOP5ANVd1b5v5119zER7jYrGBCflRTgwQEX4KjvXJMUwWJ5Mik2au3JS+\nURiCYnjZdlt3meDNGS7LaGA3lcLKUgsfq5N79mMF92diIkYl9Vkm3sG3rxvQ+Rvb\n6EIFTj2qXgskA58Uy9ryImqwq9Nsvkr+IMYrYhoAwGtmUI9gxEYqhzw/8rnJGWOU\nz7pmHQKCAQBUk7lQmJ4pdEWAuo7gtSRdw82k8s+2cEMiT9p6UiQs/9IGyHZigr40\nXvskI/BBRFIox2Jlbe7sqsdMM5gi03jxKQdt2efxdVTZxfE6CTizptKeM4p6Q+9B\nLa5fvFPIYjUQEcCq3GweCzTQYpA++uE6PF/07F3IY+ubEAhKY8iNqLdX1PybSvqu\noUCQXiArEXpfEtrG6PSPpq7HEwAGWgbzAvcVXgoonJDXSJWHFuLSdxBIqAQQ4S7A\nnM2QeM4m0gk+Wr+w7/USxrIJjRGeAfiuoHY0UuHvgwW/TgmG1K2b24MuOeF31tvp\nmQX4JLdKwXEK3KTQK8yHLinnnyvkRP2fAoIBAD4iO6gImFh3NkKlUKnYIMPO6leR\nipGsuDfLKKceHuj3ENdRZcHSVG/huU1to6Pk7b1Cq1XCeTUy5pH8HuOxhRiYR5rq\n/dJv8N1f342b6evKJ6F93jOgWi+ovv3WKDweZcM44sbsLGstNEY/IkrZ6cFIfTpl\nkWWfE0MTRPSIuDKXxICd1+13bcxIOvreULnmnPPhBSJ/fibvrNfHmI1mkSrq8JkS\nVnqysjDEUTdnuU6v8o7g5WUgE/7DhCPtEsBJf2GsQDDEmraR7LY9SCzbgw2+y8AW\nTS7dB9Cv3FV+1EhtpEjn5qFqP692mJOY3mo+A9IsQQuNFXIw2y3QAXI9EDo=\n-----END RSA PRIVATE KEY-----\n",
            "content_base64": null,
            "content_base64sha256": "CnpHajkJUodJJypWpD+XUL7LyKEhdDXzjARoCnmKsPA=",
            "content_base64sha512": "Z2rwmgk2v2N05I9kxBrlOeEArJ512KcAQPha5+uBOui5PRxj603J2LLTHe08K1UWW+qX5j+aOsi9zT5KSzw7Tw==",
            "content_md5": "d687a957207bf91d2ba464d860a9481f",
            "content_sha1": "15d37d557f949d5962e739045f7b2e77bf1523c8",
            "content_sha256": "0a7a476a3909528749272a56a43f9750becbc8a1217435f38c04680a798ab0f0",
            "content_sha512": "676af09a0936bf6374e48f64c41ae539e100ac9e75d8a70040f85ae7eb813ae8b93d1c63eb4dc9d8b2d31ded3c2b55165bea97e63f9a3ac8bdcd3e4a4b3c3b4f",
            "directory_permission": "0777",
            "file_permission": "0400",
            "filename": ".ssh/terra.pem",
            "id": "15d37d557f949d5962e739045f7b2e77bf1523c8",
            "sensitive_content": null,
            "source": null
          },
          "sensitive_attributes": [
            [
              {
                "type": "get_attr",
                "value": "content"
              }
            ],
            [
              {
                "type": "get_attr",
                "value": "sensitive_content"
              }
            ]
          ],
          "identity_schema_version": 0,
          "dependencies": [
            "tls_private_key.ssh_key"
          ]
        }
      ]
    },
    {
      "mode": "managed",
      "type": "tls_private_key",
      "name": "ssh_key",
      "provider": "provider[\"registry.terraform.io/hashicorp/tls\"]",
      "instances": [
        {
          "schema_version": 1,
          "attributes": {
            "algorithm": "RSA",
            "ecdsa_curve": "P224",
            "id": "4e8dcc2c4932efc2ab00caaead4395fb58cb7f53",
            "private_key_openssh": "-----BEGIN OPENSSH PRIVATE KEY-----\nb3BlbnNzaC1rZXktdjEAAAAABG5vbmUAAAAEbm9uZQAAAAAAAAABAAACFwAAAAdz\nc2gtcnNhAAAAAwEAAQAAAgEAoloo7xnfydkmxSXK6rOIah0Kxw2zKapSdNrDJT6i\nNeCqb4bF7qOklAFaw2XCro9RnegWtLrNmkAueCBhap3350phnWt0nZlPMTiF5INN\n3tndqtNiBjR+W8zGCXGG+IZ/HiwMK4aMy7BzP9iWXYpQDKBJQPjxdmzx9EDHGTKC\n/S3XaNijxipRZ6Eq/N/+oaFa+CyU5LCrdbArqUEBFlahzKRX8hS/eTjjSG2Hppss\n9popjFkYwrVDm85riKYVpqDYPvZqAfYKq8oJlUyilG2e49L4zqfNgWA6IucT27Fa\n7XTVHMnLN+FZG6Q1bUKAymKYTeLkE72rSfSijchHtcgtLhvmNgnBGphW6RHdaJRV\nl6u2qPQinAS4pEquHp29KlgdH50dQscr0TvaNNtJN4rebir5uaLDN0ERcdFTXL6x\nTtDrRiTTvDzIBbqi2Pr8/a2CDjaiZJfktdd/8Io9UxHCGtP74GxvGjfPg6/9ygxH\nDBNKfbywkwV1Nm7NogxgTjU3JbPzMPBtOIZONvhk9FtfydzJx9B2MiAr/FDZcXwf\nZMf3+T3fTv9/kWhhM80fI0fgsVe58lk+/I9iZC0XQ8YE420fFtVFPx6foUdPU4ji\nUmkkC1jVO2rc7S4S8Zcsy3wh/Ct/vaklar7GgX+6s7PDBizZvpIn+MDlH/KTMdGy\nWdsAAAc4Mxi5sDMYubAAAAAHc3NoLXJzYQAAAgEAoloo7xnfydkmxSXK6rOIah0K\nxw2zKapSdNrDJT6iNeCqb4bF7qOklAFaw2XCro9RnegWtLrNmkAueCBhap3350ph\nnWt0nZlPMTiF5INN3tndqtNiBjR+W8zGCXGG+IZ/HiwMK4aMy7BzP9iWXYpQDKBJ\nQPjxdmzx9EDHGTKC/S3XaNijxipRZ6Eq/N/+oaFa+CyU5LCrdbArqUEBFlahzKRX\n8hS/eTjjSG2Hppss9popjFkYwrVDm85riKYVpqDYPvZqAfYKq8oJlUyilG2e49L4\nzqfNgWA6IucT27Fa7XTVHMnLN+FZG6Q1bUKAymKYTeLkE72rSfSijchHtcgtLhvm\nNgnBGphW6RHdaJRVl6u2qPQinAS4pEquHp29KlgdH50dQscr0TvaNNtJN4rebir5\nuaLDN0ERcdFTXL6xTtDrRiTTvDzIBbqi2Pr8/a2CDjaiZJfktdd/8Io9UxHCGtP7\n4GxvGjfPg6/9ygxHDBNKfbywkwV1Nm7NogxgTjU3JbPzMPBtOIZONvhk9FtfydzJ\nx9B2MiAr/FDZcXwfZMf3+T3fTv9/kWhhM80fI0fgsVe58lk+/I9iZC0XQ8YE420f\nFtVFPx6foUdPU4jiUmkkC1jVO2rc7S4S8Zcsy3wh/Ct/vaklar7GgX+6s7PDBizZ\nvpIn+MDlH/KTMdGyWdsAAAADAQABAAACAADu37lavrcxm6VvwtYifgWOG9e/s73o\n5VxtPXM4ru9Rq+kZhIhglxDlXm4tEYy19NQhggU75Z6eASZeQ/ERmLEoSPNXVhjp\nyVNmbcPodUlzRcY2PM6oUpRDKF2O3NBk2tTY5UutaaBqEooqu9fXHv/+PoLfFhQw\n1XB/8XpVmKcih6W/SQGvOz815UIFejiCQubrlVd9zx54Cr2ISsdOwX35m9UfsBIJ\nn6ofkbNaxPa4isXsZStepgApPuOkK2UFG6O7qtROuQpPuPULYbZ/WCBwaqRVa+Wd\ny00UDZXU/nQgQxv36kZsnHnU3HG/phnZAzhqC2w0SjMR8t/kZ3UbV2x1aAAf6oDd\nME4mD3woHkNoYL2FGVkjg9RN/R+E2roFk8k1hxDGTi/5AvXoEIZCC6Dub7HMOSHj\nAUH0yGqXsfA3joKqNlXA3iqybqWH/+pDO1oDxXKI8LQ/uOe+GyMyKDhu8bd3GmUU\ntI26MGEgx57UZtMWk6jCJLyYKks/CV1xmdOFtomp2+I6g13QRmQ7KF8DvZzjJdXZ\nitCXOMwy6r8Yy7BzZY1WuNzYihHKbFLi27nhfLvL/sDVXWA+OHf9jxjxsZgPI3vV\nJtvYdQaCOLSSzr48FgThvIhaaWseKXT2h/VqnCQxcyZfmIBlhw29Nin1kEW/CI9j\nlQUHFkSdn1kRAAABAD4iO6gImFh3NkKlUKnYIMPO6leRipGsuDfLKKceHuj3ENdR\nZcHSVG/huU1to6Pk7b1Cq1XCeTUy5pH8HuOxhRiYR5rq/dJv8N1f342b6evKJ6F9\n3jOgWi+ovv3WKDweZcM44sbsLGstNEY/IkrZ6cFIfTplkWWfE0MTRPSIuDKXxICd\n1+13bcxIOvreULnmnPPhBSJ/fibvrNfHmI1mkSrq8JkSVnqysjDEUTdnuU6v8o7g\n5WUgE/7DhCPtEsBJf2GsQDDEmraR7LY9SCzbgw2+y8AWTS7dB9Cv3FV+1EhtpEjn\n5qFqP692mJOY3mo+A9IsQQuNFXIw2y3QAXI9EDoAAAEBAMJ7UcP03a7XSxfeZRHw\nsPQcy4zYLVUyAvvDIkl/bwHQZelJl+LUH/hk2uGmJdy5oXxpNKhVTY8Xi5C1MQHP\nyY/79PNflOzFe3ckVeDwq/LyHZaJyMob9DRUo4ivjl6luoNXC/DEYC7dNk31FcFO\n524Am30523PuIdsf9UjJcc3eGLbUq9cVB+rsBox5dpCi9WmZcY0M8Jg69m2npd8l\noUnyrtOkACSUuNJK/6bC4RweSYi+evpOfPrtAgbDBgZlHIIMzJwsThnOtsZKHxxO\ntr+PBRynl6tb2W5IDWF6bt3USXXQS2N+X9WiJSUU0ElHl4Q7Gdispn4bY06RZCdC\nA2UAAAEBANW1ELuhHduQYQNOnHkL9pfImnRLLU5btV5CUJ7V1IEFgfwiwRFzmG86\nRyePXd3LyBtV6SsvT4x/XO+2nAe7+SL9NmwhQpZLVNgaZwYI+CRlaGLXJ4wmMUM7\n+drlPMv5ih1XhnI/N7OPO6kZBt/7lIuycWFkI4orDZ7a7ncNsvftzzo/HRHzFva7\nOi4oxMgQFSq4St89FKTw7sEswHrNzcWHY4DidEaeHPURcsupwSQX/d2EVcyrEH2p\nTZTaqu0ZxXlub8kKPEEPq/0HuFWMuXHcz8DDaQL16lQcUMkED5mZZqfwmYQsX5YV\nae1fQB7hfVfPmA50sNyQO295K4gHND8AAAAAAQID\n-----END OPENSSH PRIVATE KEY-----\n",
            "private_key_pem": "-----BEGIN RSA PRIVATE KEY-----\nMIIJKAIBAAKCAgEAoloo7xnfydkmxSXK6rOIah0Kxw2zKapSdNrDJT6iNeCqb4bF\n7qOklAFaw2XCro9RnegWtLrNmkAueCBhap3350phnWt0nZlPMTiF5INN3tndqtNi\nBjR+W8zGCXGG+IZ/HiwMK4aMy7BzP9iWXYpQDKBJQPjxdmzx9EDHGTKC/S3XaNij\nxipRZ6Eq/N/+oaFa+CyU5LCrdbArqUEBFlahzKRX8hS/eTjjSG2Hppss9popjFkY\nwrVDm85riKYVpqDYPvZqAfYKq8oJlUyilG2e49L4zqfNgWA6IucT27Fa7XTVHMnL\nN+FZG6Q1bUKAymKYTeLkE72rSfSijchHtcgtLhvmNgnBGphW6RHdaJRVl6u2qPQi\nnAS4pEquHp29KlgdH50dQscr0TvaNNtJN4rebir5uaLDN0ERcdFTXL6xTtDrRiTT\nvDzIBbqi2Pr8/a2CDjaiZJfktdd/8Io9UxHCGtP74GxvGjfPg6/9ygxHDBNKfbyw\nkwV1Nm7NogxgTjU3JbPzMPBtOIZONvhk9FtfydzJx9B2MiAr/FDZcXwfZMf3+T3f\nTv9/kWhhM80fI0fgsVe58lk+/I9iZC0XQ8YE420fFtVFPx6foUdPU4jiUmkkC1jV\nO2rc7S4S8Zcsy3wh/Ct/vaklar7GgX+6s7PDBizZvpIn+MDlH/KTMdGyWdsCAwEA\nAQKCAgAA7t+5Wr63MZulb8LWIn4FjhvXv7O96OVcbT1zOK7vUavpGYSIYJcQ5V5u\nLRGMtfTUIYIFO+WengEmXkPxEZixKEjzV1YY6clTZm3D6HVJc0XGNjzOqFKUQyhd\njtzQZNrU2OVLrWmgahKKKrvX1x7//j6C3xYUMNVwf/F6VZinIoelv0kBrzs/NeVC\nBXo4gkLm65VXfc8eeAq9iErHTsF9+ZvVH7ASCZ+qH5GzWsT2uIrF7GUrXqYAKT7j\npCtlBRuju6rUTrkKT7j1C2G2f1ggcGqkVWvlnctNFA2V1P50IEMb9+pGbJx51Nxx\nv6YZ2QM4agtsNEozEfLf5Gd1G1dsdWgAH+qA3TBOJg98KB5DaGC9hRlZI4PUTf0f\nhNq6BZPJNYcQxk4v+QL16BCGQgug7m+xzDkh4wFB9Mhql7HwN46CqjZVwN4qsm6l\nh//qQztaA8VyiPC0P7jnvhsjMig4bvG3dxplFLSNujBhIMee1GbTFpOowiS8mCpL\nPwldcZnThbaJqdviOoNd0EZkOyhfA72c4yXV2YrQlzjMMuq/GMuwc2WNVrjc2IoR\nymxS4tu54Xy7y/7A1V1gPjh3/Y8Y8bGYDyN71Sbb2HUGgji0ks6+PBYE4byIWmlr\nHil09of1apwkMXMmX5iAZYcNvTYp9ZBFvwiPY5UFBxZEnZ9ZEQKCAQEAwntRw/Td\nrtdLF95lEfCw9BzLjNgtVTIC+8MiSX9vAdBl6UmX4tQf+GTa4aYl3LmhfGk0qFVN\njxeLkLUxAc/Jj/v081+U7MV7dyRV4PCr8vIdlonIyhv0NFSjiK+OXqW6g1cL8MRg\nLt02TfUVwU7nbgCbfTnbc+4h2x/1SMlxzd4YttSr1xUH6uwGjHl2kKL1aZlxjQzw\nmDr2bael3yWhSfKu06QAJJS40kr/psLhHB5JiL56+k58+u0CBsMGBmUcggzMnCxO\nGc62xkofHE62v48FHKeXq1vZbkgNYXpu3dRJddBLY35f1aIlJRTQSUeXhDsZ2Kym\nfhtjTpFkJ0IDZQKCAQEA1bUQu6Ed25BhA06ceQv2l8iadEstTlu1XkJQntXUgQWB\n/CLBEXOYbzpHJ49d3cvIG1XpKy9PjH9c77acB7v5Iv02bCFClktU2BpnBgj4JGVo\nYtcnjCYxQzv52uU8y/mKHVeGcj83s487qRkG3/uUi7JxYWQjiisNntrudw2y9+3P\nOj8dEfMW9rs6LijEyBAVKrhK3z0UpPDuwSzAes3NxYdjgOJ0Rp4c9RFyy6nBJBf9\n3YRVzKsQfalNlNqq7RnFeW5vyQo8QQ+r/Qe4VYy5cdzPwMNpAvXqVBxQyQQPmZlm\np/CZhCxflhVp7V9AHuF9V8+YDnSw3JA7b3kriAc0PwKCAQEAhr7ojOt4OK6EIdp9\njmuEPu5Afao95nxLIuI1PFUltU0Nfw/1QzyTlgdSu+rg6shWwZsm18aagRzgHvfb\nJ5Uu4yq/sWu1BENjYs3zDnHRwPbNV0LJsnahwSwvTgHMk3kh++PwqvV0aqPr/yFi\n3Fdt84JKOP5ANVd1b5v5119zER7jYrGBCflRTgwQEX4KjvXJMUwWJ5Mik2au3JS+\nURiCYnjZdlt3meDNGS7LaGA3lcLKUgsfq5N79mMF92diIkYl9Vkm3sG3rxvQ+Rvb\n6EIFTj2qXgskA58Uy9ryImqwq9Nsvkr+IMYrYhoAwGtmUI9gxEYqhzw/8rnJGWOU\nz7pmHQKCAQBUk7lQmJ4pdEWAuo7gtSRdw82k8s+2cEMiT9p6UiQs/9IGyHZigr40\nXvskI/BBRFIox2Jlbe7sqsdMM5gi03jxKQdt2efxdVTZxfE6CTizptKeM4p6Q+9B\nLa5fvFPIYjUQEcCq3GweCzTQYpA++uE6PF/07F3IY+ubEAhKY8iNqLdX1PybSvqu\noUCQXiArEXpfEtrG6PSPpq7HEwAGWgbzAvcVXgoonJDXSJWHFuLSdxBIqAQQ4S7A\nnM2QeM4m0gk+Wr+w7/USxrIJjRGeAfiuoHY0UuHvgwW/TgmG1K2b24MuOeF31tvp\nmQX4JLdKwXEK3KTQK8yHLinnnyvkRP2fAoIBAD4iO6gImFh3NkKlUKnYIMPO6leR\nipGsuDfLKKceHuj3ENdRZcHSVG/huU1to6Pk7b1Cq1XCeTUy5pH8HuOxhRiYR5rq\n/dJv8N1f342b6evKJ6F93jOgWi+ovv3WKDweZcM44sbsLGstNEY/IkrZ6cFIfTpl\nkWWfE0MTRPSIuDKXxICd1+13bcxIOvreULnmnPPhBSJ/fibvrNfHmI1mkSrq8JkS\nVnqysjDEUTdnuU6v8o7g5WUgE/7DhCPtEsBJf2GsQDDEmraR7LY9SCzbgw2+y8AW\nTS7dB9Cv3FV+1EhtpEjn5qFqP692mJOY3mo+A9IsQQuNFXIw2y3QAXI9EDo=\n-----END RSA PRIVATE KEY-----\n",
            "private_key_pem_pkcs8": "-----BEGIN PRIVATE KEY-----\nMIIJQgIBADANBgkqhkiG9w0BAQEFAASCCSwwggkoAgEAAoICAQCiWijvGd/J2SbF\nJcrqs4hqHQrHDbMpqlJ02sMlPqI14KpvhsXuo6SUAVrDZcKuj1Gd6Ba0us2aQC54\nIGFqnffnSmGda3SdmU8xOIXkg03e2d2q02IGNH5bzMYJcYb4hn8eLAwrhozLsHM/\n2JZdilAMoElA+PF2bPH0QMcZMoL9Lddo2KPGKlFnoSr83/6hoVr4LJTksKt1sCup\nQQEWVqHMpFfyFL95OONIbYemmyz2mimMWRjCtUObzmuIphWmoNg+9moB9gqrygmV\nTKKUbZ7j0vjOp82BYDoi5xPbsVrtdNUcycs34VkbpDVtQoDKYphN4uQTvatJ9KKN\nyEe1yC0uG+Y2CcEamFbpEd1olFWXq7ao9CKcBLikSq4enb0qWB0fnR1CxyvRO9o0\n20k3it5uKvm5osM3QRFx0VNcvrFO0OtGJNO8PMgFuqLY+vz9rYIONqJkl+S113/w\nij1TEcIa0/vgbG8aN8+Dr/3KDEcME0p9vLCTBXU2bs2iDGBONTcls/Mw8G04hk42\n+GT0W1/J3MnH0HYyICv8UNlxfB9kx/f5Pd9O/3+RaGEzzR8jR+CxV7nyWT78j2Jk\nLRdDxgTjbR8W1UU/Hp+hR09TiOJSaSQLWNU7atztLhLxlyzLfCH8K3+9qSVqvsaB\nf7qzs8MGLNm+kif4wOUf8pMx0bJZ2wIDAQABAoICAADu37lavrcxm6VvwtYifgWO\nG9e/s73o5VxtPXM4ru9Rq+kZhIhglxDlXm4tEYy19NQhggU75Z6eASZeQ/ERmLEo\nSPNXVhjpyVNmbcPodUlzRcY2PM6oUpRDKF2O3NBk2tTY5UutaaBqEooqu9fXHv/+\nPoLfFhQw1XB/8XpVmKcih6W/SQGvOz815UIFejiCQubrlVd9zx54Cr2ISsdOwX35\nm9UfsBIJn6ofkbNaxPa4isXsZStepgApPuOkK2UFG6O7qtROuQpPuPULYbZ/WCBw\naqRVa+Wdy00UDZXU/nQgQxv36kZsnHnU3HG/phnZAzhqC2w0SjMR8t/kZ3UbV2x1\naAAf6oDdME4mD3woHkNoYL2FGVkjg9RN/R+E2roFk8k1hxDGTi/5AvXoEIZCC6Du\nb7HMOSHjAUH0yGqXsfA3joKqNlXA3iqybqWH/+pDO1oDxXKI8LQ/uOe+GyMyKDhu\n8bd3GmUUtI26MGEgx57UZtMWk6jCJLyYKks/CV1xmdOFtomp2+I6g13QRmQ7KF8D\nvZzjJdXZitCXOMwy6r8Yy7BzZY1WuNzYihHKbFLi27nhfLvL/sDVXWA+OHf9jxjx\nsZgPI3vVJtvYdQaCOLSSzr48FgThvIhaaWseKXT2h/VqnCQxcyZfmIBlhw29Nin1\nkEW/CI9jlQUHFkSdn1kRAoIBAQDCe1HD9N2u10sX3mUR8LD0HMuM2C1VMgL7wyJJ\nf28B0GXpSZfi1B/4ZNrhpiXcuaF8aTSoVU2PF4uQtTEBz8mP+/TzX5TsxXt3JFXg\n8Kvy8h2WicjKG/Q0VKOIr45epbqDVwvwxGAu3TZN9RXBTuduAJt9Odtz7iHbH/VI\nyXHN3hi21KvXFQfq7AaMeXaQovVpmXGNDPCYOvZtp6XfJaFJ8q7TpAAklLjSSv+m\nwuEcHkmIvnr6Tnz67QIGwwYGZRyCDMycLE4ZzrbGSh8cTra/jwUcp5erW9luSA1h\nem7d1El10Etjfl/VoiUlFNBJR5eEOxnYrKZ+G2NOkWQnQgNlAoIBAQDVtRC7oR3b\nkGEDTpx5C/aXyJp0Sy1OW7VeQlCe1dSBBYH8IsERc5hvOkcnj13dy8gbVekrL0+M\nf1zvtpwHu/ki/TZsIUKWS1TYGmcGCPgkZWhi1yeMJjFDO/na5TzL+YodV4ZyPzez\njzupGQbf+5SLsnFhZCOKKw2e2u53DbL37c86Px0R8xb2uzouKMTIEBUquErfPRSk\n8O7BLMB6zc3Fh2OA4nRGnhz1EXLLqcEkF/3dhFXMqxB9qU2U2qrtGcV5bm/JCjxB\nD6v9B7hVjLlx3M/Aw2kC9epUHFDJBA+ZmWan8JmELF+WFWntX0Ae4X1Xz5gOdLDc\nkDtveSuIBzQ/AoIBAQCGvuiM63g4roQh2n2Oa4Q+7kB9qj3mfEsi4jU8VSW1TQ1/\nD/VDPJOWB1K76uDqyFbBmybXxpqBHOAe99snlS7jKr+xa7UEQ2NizfMOcdHA9s1X\nQsmydqHBLC9OAcyTeSH74/Cq9XRqo+v/IWLcV23zgko4/kA1V3Vvm/nXX3MRHuNi\nsYEJ+VFODBARfgqO9ckxTBYnkyKTZq7clL5RGIJieNl2W3eZ4M0ZLstoYDeVwspS\nCx+rk3v2YwX3Z2IiRiX1WSbewbevG9D5G9voQgVOPapeCyQDnxTL2vIiarCr02y+\nSv4gxitiGgDAa2ZQj2DERiqHPD/yuckZY5TPumYdAoIBAFSTuVCYnil0RYC6juC1\nJF3DzaTyz7ZwQyJP2npSJCz/0gbIdmKCvjRe+yQj8EFEUijHYmVt7uyqx0wzmCLT\nePEpB23Z5/F1VNnF8ToJOLOm0p4zinpD70Etrl+8U8hiNRARwKrcbB4LNNBikD76\n4To8X/TsXchj65sQCEpjyI2ot1fU/JtK+q6hQJBeICsRel8S2sbo9I+mrscTAAZa\nBvMC9xVeCiickNdIlYcW4tJ3EEioBBDhLsCczZB4zibSCT5av7Dv9RLGsgmNEZ4B\n+K6gdjRS4e+DBb9OCYbUrZvbgy454XfW2+mZBfgkt0rBcQrcpNArzIcuKeefK+RE\n/Z8CggEAPiI7qAiYWHc2QqVQqdggw87qV5GKkay4N8sopx4e6PcQ11FlwdJUb+G5\nTW2jo+TtvUKrVcJ5NTLmkfwe47GFGJhHmur90m/w3V/fjZvp68onoX3eM6BaL6i+\n/dYoPB5lwzjixuwsay00Rj8iStnpwUh9OmWRZZ8TQxNE9Ii4MpfEgJ3X7XdtzEg6\n+t5Queac8+EFIn9+Ju+s18eYjWaRKurwmRJWerKyMMRRN2e5Tq/yjuDlZSAT/sOE\nI+0SwEl/YaxAMMSatpHstj1ILNuDDb7LwBZNLt0H0K/cVX7USG2kSOfmoWo/r3aY\nk5jeaj4D0ixBC40VcjDbLdABcj0QOg==\n-----END PRIVATE KEY-----\n",
            "public_key_fingerprint_md5": "c9:d4:97:87:45:f9:31:08:42:4c:91:4e:96:69:f2:e7",
            "public_key_fingerprint_sha256": "SHA256:KkVewdjatT+6NWg0XIUpqxvrXWIBkdGmtjH6pLNPUDM",
            "public_key_openssh": "ssh-rsa AAAAB3NzaC1yc2EAAAADAQABAAACAQCiWijvGd/J2SbFJcrqs4hqHQrHDbMpqlJ02sMlPqI14KpvhsXuo6SUAVrDZcKuj1Gd6Ba0us2aQC54IGFqnffnSmGda3SdmU8xOIXkg03e2d2q02IGNH5bzMYJcYb4hn8eLAwrhozLsHM/2JZdilAMoElA+PF2bPH0QMcZMoL9Lddo2KPGKlFnoSr83/6hoVr4LJTksKt1sCupQQEWVqHMpFfyFL95OONIbYemmyz2mimMWRjCtUObzmuIphWmoNg+9moB9gqrygmVTKKUbZ7j0vjOp82BYDoi5xPbsVrtdNUcycs34VkbpDVtQoDKYphN4uQTvatJ9KKNyEe1yC0uG+Y2CcEamFbpEd1olFWXq7ao9CKcBLikSq4enb0qWB0fnR1CxyvRO9o020k3it5uKvm5osM3QRFx0VNcvrFO0OtGJNO8PMgFuqLY+vz9rYIONqJkl+S113/wij1TEcIa0/vgbG8aN8+Dr/3KDEcME0p9vLCTBXU2bs2iDGBONTcls/Mw8G04hk42+GT0W1/J3MnH0HYyICv8UNlxfB9kx/f5Pd9O/3+RaGEzzR8jR+CxV7nyWT78j2JkLRdDxgTjbR8W1UU/Hp+hR09TiOJSaSQLWNU7atztLhLxlyzLfCH8K3+9qSVqvsaBf7qzs8MGLNm+kif4wOUf8pMx0bJZ2w==\n",
            "public_key_pem": "-----BEGIN PUBLIC KEY-----\nMIICIjANBgkqhkiG9w0BAQEFAAOCAg8AMIICCgKCAgEAoloo7xnfydkmxSXK6rOI\nah0Kxw2zKapSdNrDJT6iNeCqb4bF7qOklAFaw2XCro9RnegWtLrNmkAueCBhap33\n50phnWt0nZlPMTiF5INN3tndqtNiBjR+W8zGCXGG+IZ/HiwMK4aMy7BzP9iWXYpQ\nDKBJQPjxdmzx9EDHGTKC/S3XaNijxipRZ6Eq/N/+oaFa+CyU5LCrdbArqUEBFlah\nzKRX8hS/eTjjSG2Hppss9popjFkYwrVDm85riKYVpqDYPvZqAfYKq8oJlUyilG2e\n49L4zqfNgWA6IucT27Fa7XTVHMnLN+FZG6Q1bUKAymKYTeLkE72rSfSijchHtcgt\nLhvmNgnBGphW6RHdaJRVl6u2qPQinAS4pEquHp29KlgdH50dQscr0TvaNNtJN4re\nbir5uaLDN0ERcdFTXL6xTtDrRiTTvDzIBbqi2Pr8/a2CDjaiZJfktdd/8Io9UxHC\nGtP74GxvGjfPg6/9ygxHDBNKfbywkwV1Nm7NogxgTjU3JbPzMPBtOIZONvhk9Ftf\nydzJx9B2MiAr/FDZcXwfZMf3+T3fTv9/kWhhM80fI0fgsVe58lk+/I9iZC0XQ8YE\n420fFtVFPx6foUdPU4jiUmkkC1jVO2rc7S4S8Zcsy3wh/Ct/vaklar7GgX+6s7PD\nBizZvpIn+MDlH/KTMdGyWdsCAwEAAQ==\n-----END PUBLIC KEY-----\n",
            "rsa_bits": 4096
          },
          "sensitive_attributes": [
            [
              {
                "type": "get_attr",
                "value": "private_key_openssh"
              }
            ],
            [
              {
                "type": "get_attr",
                "value": "private_key_pem"
              }
            ],
            [
              {
                "type": "get_attr",
                "value": "private_key_pem_pkcs8"
              }
            ]
          ],
          "identity_schema_version": 0
        }
      ]
    }
  ],
  "check_results": null
}
